
Microsoft Visual Studio Solution File, Format Version 12.00
# Visual Studio Version 17
VisualStudioVersion = 17.0.31903.59
MinimumVisualStudioVersion = 10.0.40219.1
Project("{2150E333-8FDC-42A3-9474-1A3956D46DE8}") = "src", "src", "{827E0CD3-B72D-47B6-A68D-7590B98EB39B}"
EndProject
Project("{FAE04EC0-301F-11D3-BF4B-00C04F79EFBC}") = "Brinell.Core", "src\Brinell.Core\Brinell.Core.csproj", "{B2B283E3-7D29-4123-9517-24628E3740A2}"
EndProject
Project("{FAE04EC0-301F-11D3-BF4B-00C04F79EFBC}") = "Brinell.Wpf", "src\Brinell.Wpf\Brinell.Wpf.csproj", "{A5622F74-D95F-4876-BED4-D2E417346A47}"
EndProject
Project("{FAE04EC0-301F-11D3-BF4B-00C04F79EFBC}") = "Brinell.Html", "src\Brinell.Html\Brinell.Html.csproj", "{47359D13-5A2E-40EF-8452-AB6038AC8C60}"
EndProject
Project("{FAE04EC0-301F-11D3-BF4B-00C04F79EFBC}") = "Brinell.Maui", "src\Brinell.Maui\Brinell.Maui.csproj", "{A7BBC579-68B1-48EB-A043-3F1D3DF64998}"
EndProject
Project("{FAE04EC0-301F-11D3-BF4B-00C04F79EFBC}") = "Brinell.Mocking", "src\Brinell.Mocking\Brinell.Mocking.csproj", "{76006548-CD7C-445F-B555-E636A6C7A668}"
EndProject
Project("{2150E333-8FDC-42A3-9474-1A3956D46DE8}") = "samples", "samples", "{5D20AA90-6969-D8BD-9DCD-8634F4692FDA}"
EndProject
Project("{FAE04EC0-301F-11D3-BF4B-00C04F79EFBC}") = "Brinell.Samples.Shared", "samples\Brinell.Samples.Shared\Brinell.Samples.Shared.csproj", "{B0003BF1-9451-446E-834F-8D1F8FC60DB6}"
EndProject
Project("{FAE04EC0-301F-11D3-BF4B-00C04F79EFBC}") = "Brinell.Samples.Wpf.App", "samples\Brinell.Samples.Wpf.App\Brinell.Samples.Wpf.App.csproj", "{14FBEA1F-4E72-4E60-91C2-D04AD931AB75}"
EndProject
Project("{FAE04EC0-301F-11D3-BF4B-00C04F79EFBC}") = "Brinell.Samples.Blazor.App", "samples\Brinell.Samples.Blazor.App\Brinell.Samples.Blazor.App.csproj", "{EACC98BF-CB6D-488A-A7C7-DE058676A43A}"
EndProject
Project("{FAE04EC0-301F-11D3-BF4B-00C04F79EFBC}") = "Brinell.Samples.Wpf.UITests", "samples\Brinell.Samples.Wpf.UITests\Brinell.Samples.Wpf.UITests.csproj", "{DBCCB4E2-5A0F-4925-AD9B-00DC74A88B01}"
EndProject
Project("{FAE04EC0-301F-11D3-BF4B-00C04F79EFBC}") = "Brinell.Samples.Blazor.UITests", "samples\Brinell.Samples.Blazor.UITests\Brinell.Samples.Blazor.UITests.csproj", "{0E8A8355-07A5-4C96-8B95-8423400BCC8D}"
EndProject
Project("{FAE04EC0-301F-11D3-BF4B-00C04F79EFBC}") = "Brinell.Samples.Maui.App", "samples\Brinell.Samples.Maui.App\Brinell.Samples.Maui.App.csproj", "{7770D6BE-6519-4B4D-9289-6A3D4F7EA3CF}"
EndProject
Project("{FAE04EC0-301F-11D3-BF4B-00C04F79EFBC}") = "Brinell.Samples.Maui.UITests", "samples\Brinell.Samples.Maui.UITests\Brinell.Samples.Maui.UITests.csproj", "{078CA246-3C36-4BCA-9BEE-A6C6C53F0465}"
EndProject
Project("{FAE04EC0-301F-11D3-BF4B-00C04F79EFBC}") = "Brinell.Html.Playwright", "src\Brinell.Html.Playwright\Brinell.Html.Playwright.csproj", "{9C5ECDF6-2675-4F02-99C6-7EADE55DD309}"
EndProject
Project("{FAE04EC0-301F-11D3-BF4B-00C04F79EFBC}") = "Brinell.Samples.Blazor.PlaywrightTests", "samples\Brinell.Samples.Blazor.PlaywrightTests\Brinell.Samples.Blazor.PlaywrightTests.csproj", "{34FFE0FF-93AC-480F-B7AB-BA3904490924}"
EndProject
Global
	GlobalSection(SolutionConfigurationPlatforms) = preSolution
		Debug|Any CPU = Debug|Any CPU
		Debug|x64 = Debug|x64
		Debug|x86 = Debug|x86
		Release|Any CPU = Release|Any CPU
		Release|x64 = Release|x64
		Release|x86 = Release|x86
	EndGlobalSection
	GlobalSection(ProjectConfigurationPlatforms) = postSolution
		{B2B283E3-7D29-4123-9517-24628E3740A2}.Debug|Any CPU.ActiveCfg = Debug|Any CPU
		{B2B283E3-7D29-4123-9517-24628E3740A2}.Debug|Any CPU.Build.0 = Debug|Any CPU
		{B2B283E3-7D29-4123-9517-24628E3740A2}.Debug|x64.ActiveCfg = Debug|Any CPU
		{B2B283E3-7D29-4123-9517-24628E3740A2}.Debug|x64.Build.0 = Debug|Any CPU
		{B2B283E3-7D29-4123-9517-24628E3740A2}.Debug|x86.ActiveCfg = Debug|Any CPU
		{B2B283E3-7D29-4123-9517-24628E3740A2}.Debug|x86.Build.0 = Debug|Any CPU
		{B2B283E3-7D29-4123-9517-24628E3740A2}.Release|Any CPU.ActiveCfg = Release|Any CPU
		{B2B283E3-7D29-4123-9517-24628E3740A2}.Release|Any CPU.Build.0 = Release|Any CPU
		{B2B283E3-7D29-4123-9517-24628E3740A2}.Release|x64.ActiveCfg = Release|Any CPU
		{B2B283E3-7D29-4123-9517-24628E3740A2}.Release|x64.Build.0 = Release|Any CPU
		{B2B283E3-7D29-4123-9517-24628E3740A2}.Release|x86.ActiveCfg = Release|Any CPU
		{B2B283E3-7D29-4123-9517-24628E3740A2}.Release|x86.Build.0 = Release|Any CPU
		{A5622F74-D95F-4876-BED4-D2E417346A47}.Debug|Any CPU.ActiveCfg = Debug|Any CPU
		{A5622F74-D95F-4876-BED4-D2E417346A47}.Debug|Any CPU.Build.0 = Debug|Any CPU
		{A5622F74-D95F-4876-BED4-D2E417346A47}.Debug|x64.ActiveCfg = Debug|Any CPU
		{A5622F74-D95F-4876-BED4-D2E417346A47}.Debug|x64.Build.0 = Debug|Any CPU
		{A5622F74-D95F-4876-BED4-D2E417346A47}.Debug|x86.ActiveCfg = Debug|Any CPU
		{A5622F74-D95F-4876-BED4-D2E417346A47}.Debug|x86.Build.0 = Debug|Any CPU
		{A5622F74-D95F-4876-BED4-D2E417346A47}.Release|Any CPU.ActiveCfg = Release|Any CPU
		{A5622F74-D95F-4876-BED4-D2E417346A47}.Release|Any CPU.Build.0 = Release|Any CPU
		{A5622F74-D95F-4876-BED4-D2E417346A47}.Release|x64.ActiveCfg = Release|Any CPU
		{A5622F74-D95F-4876-BED4-D2E417346A47}.Release|x64.Build.0 = Release|Any CPU
		{A5622F74-D95F-4876-BED4-D2E417346A47}.Release|x86.ActiveCfg = Release|Any CPU
		{A5622F74-D95F-4876-BED4-D2E417346A47}.Release|x86.Build.0 = Release|Any CPU
		{47359D13-5A2E-40EF-8452-AB6038AC8C60}.Debug|Any CPU.ActiveCfg = Debug|Any CPU
		{47359D13-5A2E-40EF-8452-AB6038AC8C60}.Debug|Any CPU.Build.0 = Debug|Any CPU
		{47359D13-5A2E-40EF-8452-AB6038AC8C60}.Debug|x64.ActiveCfg = Debug|Any CPU
		{47359D13-5A2E-40EF-8452-AB6038AC8C60}.Debug|x64.Build.0 = Debug|Any CPU
		{47359D13-5A2E-40EF-8452-AB6038AC8C60}.Debug|x86.ActiveCfg = Debug|Any CPU
		{47359D13-5A2E-40EF-8452-AB6038AC8C60}.Debug|x86.Build.0 = Debug|Any CPU
		{47359D13-5A2E-40EF-8452-AB6038AC8C60}.Release|Any CPU.ActiveCfg = Release|Any CPU
		{47359D13-5A2E-40EF-8452-AB6038AC8C60}.Release|Any CPU.Build.0 = Release|Any CPU
		{47359D13-5A2E-40EF-8452-AB6038AC8C60}.Release|x64.ActiveCfg = Release|Any CPU
		{47359D13-5A2E-40EF-8452-AB6038AC8C60}.Release|x64.Build.0 = Release|Any CPU
		{47359D13-5A2E-40EF-8452-AB6038AC8C60}.Release|x86.ActiveCfg = Release|Any CPU
		{47359D13-5A2E-40EF-8452-AB6038AC8C60}.Release|x86.Build.0 = Release|Any CPU
		{A7BBC579-68B1-48EB-A043-3F1D3DF64998}.Debug|Any CPU.ActiveCfg = Debug|Any CPU
		{A7BBC579-68B1-48EB-A043-3F1D3DF64998}.Debug|Any CPU.Build.0 = Debug|Any CPU
		{A7BBC579-68B1-48EB-A043-3F1D3DF64998}.Debug|x64.ActiveCfg = Debug|Any CPU
		{A7BBC579-68B1-48EB-A043-3F1D3DF64998}.Debug|x64.Build.0 = Debug|Any CPU
		{A7BBC579-68B1-48EB-A043-3F1D3DF64998}.Debug|x86.ActiveCfg = Debug|Any CPU
		{A7BBC579-68B1-48EB-A043-3F1D3DF64998}.Debug|x86.Build.0 = Debug|Any CPU
		{A7BBC579-68B1-48EB-A043-3F1D3DF64998}.Release|Any CPU.ActiveCfg = Release|Any CPU
		{A7BBC579-68B1-48EB-A043-3F1D3DF64998}.Release|Any CPU.Build.0 = Release|Any CPU
		{A7BBC579-68B1-48EB-A043-3F1D3DF64998}.Release|x64.ActiveCfg = Release|Any CPU
		{A7BBC579-68B1-48EB-A043-3F1D3DF64998}.Release|x64.Build.0 = Release|Any CPU
		{A7BBC579-68B1-48EB-A043-3F1D3DF64998}.Release|x86.ActiveCfg = Release|Any CPU
		{A7BBC579-68B1-48EB-A043-3F1D3DF64998}.Release|x86.Build.0 = Release|Any CPU
		{76006548-CD7C-445F-B555-E636A6C7A668}.Debug|Any CPU.ActiveCfg = Debug|Any CPU
		{76006548-CD7C-445F-B555-E636A6C7A668}.Debug|Any CPU.Build.0 = Debug|Any CPU
		{76006548-CD7C-445F-B555-E636A6C7A668}.Debug|x64.ActiveCfg = Debug|Any CPU
		{76006548-CD7C-445F-B555-E636A6C7A668}.Debug|x64.Build.0 = Debug|Any CPU
		{76006548-CD7C-445F-B555-E636A6C7A668}.Debug|x86.ActiveCfg = Debug|Any CPU
		{76006548-CD7C-445F-B555-E636A6C7A668}.Debug|x86.Build.0 = Debug|Any CPU
		{76006548-CD7C-445F-B555-E636A6C7A668}.Release|Any CPU.ActiveCfg = Release|Any CPU
		{76006548-CD7C-445F-B555-E636A6C7A668}.Release|Any CPU.Build.0 = Release|Any CPU
		{76006548-CD7C-445F-B555-E636A6C7A668}.Release|x64.ActiveCfg = Release|Any CPU
		{76006548-CD7C-445F-B555-E636A6C7A668}.Release|x64.Build.0 = Release|Any CPU
		{76006548-CD7C-445F-B555-E636A6C7A668}.Release|x86.ActiveCfg = Release|Any CPU
		{76006548-CD7C-445F-B555-E636A6C7A668}.Release|x86.Build.0 = Release|Any CPU
		{B0003BF1-9451-446E-834F-8D1F8FC60DB6}.Debug|Any CPU.ActiveCfg = Debug|Any CPU
		{B0003BF1-9451-446E-834F-8D1F8FC60DB6}.Debug|Any CPU.Build.0 = Debug|Any CPU
		{B0003BF1-9451-446E-834F-8D1F8FC60DB6}.Debug|x64.ActiveCfg = Debug|Any CPU
		{B0003BF1-9451-446E-834F-8D1F8FC60DB6}.Debug|x64.Build.0 = Debug|Any CPU
		{B0003BF1-9451-446E-834F-8D1F8FC60DB6}.Debug|x86.ActiveCfg = Debug|Any CPU
		{B0003BF1-9451-446E-834F-8D1F8FC60DB6}.Debug|x86.Build.0 = Debug|Any CPU
		{B0003BF1-9451-446E-834F-8D1F8FC60DB6}.Release|Any CPU.ActiveCfg = Release|Any CPU
		{B0003BF1-9451-446E-834F-8D1F8FC60DB6}.Release|Any CPU.Build.0 = Release|Any CPU
		{B0003BF1-9451-446E-834F-8D1F8FC60DB6}.Release|x64.ActiveCfg = Release|Any CPU
		{B0003BF1-9451-446E-834F-8D1F8FC60DB6}.Release|x64.Build.0 = Release|Any CPU
		{B0003BF1-9451-446E-834F-8D1F8FC60DB6}.Release|x86.ActiveCfg = Release|Any CPU
		{B0003BF1-9451-446E-834F-8D1F8FC60DB6}.Release|x86.Build.0 = Release|Any CPU
		{14FBEA1F-4E72-4E60-91C2-D04AD931AB75}.Debug|Any CPU.ActiveCfg = Debug|Any CPU
		{14FBEA1F-4E72-4E60-91C2-D04AD931AB75}.Debug|Any CPU.Build.0 = Debug|Any CPU
		{14FBEA1F-4E72-4E60-91C2-D04AD931AB75}.Debug|x64.ActiveCfg = Debug|Any CPU
		{14FBEA1F-4E72-4E60-91C2-D04AD931AB75}.Debug|x64.Build.0 = Debug|Any CPU
		{14FBEA1F-4E72-4E60-91C2-D04AD931AB75}.Debug|x86.ActiveCfg = Debug|Any CPU
		{14FBEA1F-4E72-4E60-91C2-D04AD931AB75}.Debug|x86.Build.0 = Debug|Any CPU
		{14FBEA1F-4E72-4E60-91C2-D04AD931AB75}.Release|Any CPU.ActiveCfg = Release|Any CPU
		{14FBEA1F-4E72-4E60-91C2-D04AD931AB75}.Release|Any CPU.Build.0 = Release|Any CPU
		{14FBEA1F-4E72-4E60-91C2-D04AD931AB75}.Release|x64.ActiveCfg = Release|Any CPU
		{14FBEA1F-4E72-4E60-91C2-D04AD931AB75}.Release|x64.Build.0 = Release|Any CPU
		{14FBEA1F-4E72-4E60-91C2-D04AD931AB75}.Release|x86.ActiveCfg = Release|Any CPU
		{14FBEA1F-4E72-4E60-91C2-D04AD931AB75}.Release|x86.Build.0 = Release|Any CPU
		{EACC98BF-CB6D-488A-A7C7-DE058676A43A}.Debug|Any CPU.ActiveCfg = Debug|Any CPU
		{EACC98BF-CB6D-488A-A7C7-DE058676A43A}.Debug|Any CPU.Build.0 = Debug|Any CPU
		{EACC98BF-CB6D-488A-A7C7-DE058676A43A}.Debug|x64.ActiveCfg = Debug|Any CPU
		{EACC98BF-CB6D-488A-A7C7-DE058676A43A}.Debug|x64.Build.0 = Debug|Any CPU
		{EACC98BF-CB6D-488A-A7C7-DE058676A43A}.Debug|x86.ActiveCfg = Debug|Any CPU
		{EACC98BF-CB6D-488A-A7C7-DE058676A43A}.Debug|x86.Build.0 = Debug|Any CPU
		{EACC98BF-CB6D-488A-A7C7-DE058676A43A}.Release|Any CPU.ActiveCfg = Release|Any CPU
		{EACC98BF-CB6D-488A-A7C7-DE058676A43A}.Release|Any CPU.Build.0 = Release|Any CPU
		{EACC98BF-CB6D-488A-A7C7-DE058676A43A}.Release|x64.ActiveCfg = Release|Any CPU
		{EACC98BF-CB6D-488A-A7C7-DE058676A43A}.Release|x64.Build.0 = Release|Any CPU
		{EACC98BF-CB6D-488A-A7C7-DE058676A43A}.Release|x86.ActiveCfg = Release|Any CPU
		{EACC98BF-CB6D-488A-A7C7-DE058676A43A}.Release|x86.Build.0 = Release|Any CPU
		{DBCCB4E2-5A0F-4925-AD9B-00DC74A88B01}.Debug|Any CPU.ActiveCfg = Debug|Any CPU
		{DBCCB4E2-5A0F-4925-AD9B-00DC74A88B01}.Debug|Any CPU.Build.0 = Debug|Any CPU
		{DBCCB4E2-5A0F-4925-AD9B-00DC74A88B01}.Debug|x64.ActiveCfg = Debug|Any CPU
		{DBCCB4E2-5A0F-4925-AD9B-00DC74A88B01}.Debug|x64.Build.0 = Debug|Any CPU
		{DBCCB4E2-5A0F-4925-AD9B-00DC74A88B01}.Debug|x86.ActiveCfg = Debug|Any CPU
		{DBCCB4E2-5A0F-4925-AD9B-00DC74A88B01}.Debug|x86.Build.0 = Debug|Any CPU
		{DBCCB4E2-5A0F-4925-AD9B-00DC74A88B01}.Release|Any CPU.ActiveCfg = Release|Any CPU
		{DBCCB4E2-5A0F-4925-AD9B-00DC74A88B01}.Release|Any CPU.Build.0 = Release|Any CPU
		{DBCCB4E2-5A0F-4925-AD9B-00DC74A88B01}.Release|x64.ActiveCfg = Release|Any CPU
		{DBCCB4E2-5A0F-4925-AD9B-00DC74A88B01}.Release|x64.Build.0 = Release|Any CPU
		{DBCCB4E2-5A0F-4925-AD9B-00DC74A88B01}.Release|x86.ActiveCfg = Release|Any CPU
		{DBCCB4E2-5A0F-4925-AD9B-00DC74A88B01}.Release|x86.Build.0 = Release|Any CPU
		{0E8A8355-07A5-4C96-8B95-8423400BCC8D}.Debug|Any CPU.ActiveCfg = Debug|Any CPU
		{0E8A8355-07A5-4C96-8B95-8423400BCC8D}.Debug|Any CPU.Build.0 = Debug|Any CPU
		{0E8A8355-07A5-4C96-8B95-8423400BCC8D}.Debug|x64.ActiveCfg = Debug|Any CPU
		{0E8A8355-07A5-4C96-8B95-8423400BCC8D}.Debug|x64.Build.0 = Debug|Any CPU
		{0E8A8355-07A5-4C96-8B95-8423400BCC8D}.Debug|x86.ActiveCfg = Debug|Any CPU
		{0E8A8355-07A5-4C96-8B95-8423400BCC8D}.Debug|x86.Build.0 = Debug|Any CPU
		{0E8A8355-07A5-4C96-8B95-8423400BCC8D}.Release|Any CPU.ActiveCfg = Release|Any CPU
		{0E8A8355-07A5-4C96-8B95-8423400BCC8D}.Release|Any CPU.Build.0 = Release|Any CPU
		{0E8A8355-07A5-4C96-8B95-8423400BCC8D}.Release|x64.ActiveCfg = Release|Any CPU
		{0E8A8355-07A5-4C96-8B95-8423400BCC8D}.Release|x64.Build.0 = Release|Any CPU
		{0E8A8355-07A5-4C96-8B95-8423400BCC8D}.Release|x86.ActiveCfg = Release|Any CPU
		{0E8A8355-07A5-4C96-8B95-8423400BCC8D}.Release|x86.Build.0 = Release|Any CPU
		{7770D6BE-6519-4B4D-9289-6A3D4F7EA3CF}.Debug|Any CPU.ActiveCfg = Debug|Any CPU
		{7770D6BE-6519-4B4D-9289-6A3D4F7EA3CF}.Debug|Any CPU.Build.0 = Debug|Any CPU
		{7770D6BE-6519-4B4D-9289-6A3D4F7EA3CF}.Debug|x64.ActiveCfg = Debug|Any CPU
		{7770D6BE-6519-4B4D-9289-6A3D4F7EA3CF}.Debug|x64.Build.0 = Debug|Any CPU
		{7770D6BE-6519-4B4D-9289-6A3D4F7EA3CF}.Debug|x86.ActiveCfg = Debug|Any CPU
		{7770D6BE-6519-4B4D-9289-6A3D4F7EA3CF}.Debug|x86.Build.0 = Debug|Any CPU
		{7770D6BE-6519-4B4D-9289-6A3D4F7EA3CF}.Release|Any CPU.ActiveCfg = Release|Any CPU
		{7770D6BE-6519-4B4D-9289-6A3D4F7EA3CF}.Release|Any CPU.Build.0 = Release|Any CPU
		{7770D6BE-6519-4B4D-9289-6A3D4F7EA3CF}.Release|x64.ActiveCfg = Release|Any CPU
		{7770D6BE-6519-4B4D-9289-6A3D4F7EA3CF}.Release|x64.Build.0 = Release|Any CPU
		{7770D6BE-6519-4B4D-9289-6A3D4F7EA3CF}.Release|x86.ActiveCfg = Release|Any CPU
		{7770D6BE-6519-4B4D-9289-6A3D4F7EA3CF}.Release|x86.Build.0 = Release|Any CPU
		{078CA246-3C36-4BCA-9BEE-A6C6C53F0465}.Debug|Any CPU.ActiveCfg = Debug|Any CPU
		{078CA246-3C36-4BCA-9BEE-A6C6C53F0465}.Debug|Any CPU.Build.0 = Debug|Any CPU
		{078CA246-3C36-4BCA-9BEE-A6C6C53F0465}.Debug|x64.ActiveCfg = Debug|Any CPU
		{078CA246-3C36-4BCA-9BEE-A6C6C53F0465}.Debug|x64.Build.0 = Debug|Any CPU
		{078CA246-3C36-4BCA-9BEE-A6C6C53F0465}.Debug|x86.ActiveCfg = Debug|Any CPU
		{078CA246-3C36-4BCA-9BEE-A6C6C53F0465}.Debug|x86.Build.0 = Debug|Any CPU
		{078CA246-3C36-4BCA-9BEE-A6C6C53F0465}.Release|Any CPU.ActiveCfg = Release|Any CPU
		{078CA246-3C36-4BCA-9BEE-A6C6C53F0465}.Release|Any CPU.Build.0 = Release|Any CPU
		{078CA246-3C36-4BCA-9BEE-A6C6C53F0465}.Release|x64.ActiveCfg = Release|Any CPU
		{078CA246-3C36-4BCA-9BEE-A6C6C53F0465}.Release|x64.Build.0 = Release|Any CPU
		{078CA246-3C36-4BCA-9BEE-A6C6C53F0465}.Release|x86.ActiveCfg = Release|Any CPU
		{078CA246-3C36-4BCA-9BEE-A6C6C53F0465}.Release|x86.Build.0 = Release|Any CPU
		{9C5ECDF6-2675-4F02-99C6-7EADE55DD309}.Debug|Any CPU.ActiveCfg = Debug|Any CPU
		{9C5ECDF6-2675-4F02-99C6-7EADE55DD309}.Debug|Any CPU.Build.0 = Debug|Any CPU
		{9C5ECDF6-2675-4F02-99C6-7EADE55DD309}.Debug|x64.ActiveCfg = Debug|Any CPU
		{9C5ECDF6-2675-4F02-99C6-7EADE55DD309}.Debug|x64.Build.0 = Debug|Any CPU
		{9C5ECDF6-2675-4F02-99C6-7EADE55DD309}.Debug|x86.ActiveCfg = Debug|Any CPU
		{9C5ECDF6-2675-4F02-99C6-7EADE55DD309}.Debug|x86.Build.0 = Debug|Any CPU
		{9C5ECDF6-2675-4F02-99C6-7EADE55DD309}.Release|Any CPU.ActiveCfg = Release|Any CPU
		{9C5ECDF6-2675-4F02-99C6-7EADE55DD309}.Release|Any CPU.Build.0 = Release|Any CPU
		{9C5ECDF6-2675-4F02-99C6-7EADE55DD309}.Release|x64.ActiveCfg = Release|Any CPU
		{9C5ECDF6-2675-4F02-99C6-7EADE55DD309}.Release|x64.Build.0 = Release|Any CPU
		{9C5ECDF6-2675-4F02-99C6-7EADE55DD309}.Release|x86.ActiveCfg = Release|Any CPU
		{9C5ECDF6-2675-4F02-99C6-7EADE55DD309}.Release|x86.Build.0 = Release|Any CPU
		{34FFE0FF-93AC-480F-B7AB-BA3904490924}.Debug|Any CPU.ActiveCfg = Debug|Any CPU
		{34FFE0FF-93AC-480F-B7AB-BA3904490924}.Debug|Any CPU.Build.0 = Debug|Any CPU
		{34FFE0FF-93AC-480F-B7AB-BA3904490924}.Debug|x64.ActiveCfg = Debug|Any CPU
		{34FFE0FF-93AC-480F-B7AB-BA3904490924}.Debug|x64.Build.0 = Debug|Any CPU
		{34FFE0FF-93AC-480F-B7AB-BA3904490924}.Debug|x86.ActiveCfg = Debug|Any CPU
		{34FFE0FF-93AC-480F-B7AB-BA3904490924}.Debug|x86.Build.0 = Debug|Any CPU
		{34FFE0FF-93AC-480F-B7AB-BA3904490924}.Release|Any CPU.ActiveCfg = Release|Any CPU
		{34FFE0FF-93AC-480F-B7AB-BA3904490924}.Release|Any CPU.Build.0 = Release|Any CPU
		{34FFE0FF-93AC-480F-B7AB-BA3904490924}.Release|x64.ActiveCfg = Release|Any CPU
		{34FFE0FF-93AC-480F-B7AB-BA3904490924}.Release|x64.Build.0 = Release|Any CPU
		{34FFE0FF-93AC-480F-B7AB-BA3904490924}.Release|x86.ActiveCfg = Release|Any CPU
		{34FFE0FF-93AC-480F-B7AB-BA3904490924}.Release|x86.Build.0 = Release|Any CPU
	EndGlobalSection
	GlobalSection(SolutionProperties) = preSolution
		HideSolutionNode = FALSE
	EndGlobalSection
	GlobalSection(NestedProjects) = preSolution
		{B2B283E3-7D29-4123-9517-24628E3740A2} = {827E0CD3-B72D-47B6-A68D-7590B98EB39B}
		{A5622F74-D95F-4876-BED4-D2E417346A47} = {827E0CD3-B72D-47B6-A68D-7590B98EB39B}
		{47359D13-5A2E-40EF-8452-AB6038AC8C60} = {827E0CD3-B72D-47B6-A68D-7590B98EB39B}
		{A7BBC579-68B1-48EB-A043-3F1D3DF64998} = {827E0CD3-B72D-47B6-A68D-7590B98EB39B}
		{76006548-CD7C-445F-B555-E636A6C7A668} = {827E0CD3-B72D-47B6-A68D-7590B98EB39B}
		{B0003BF1-9451-446E-834F-8D1F8FC60DB6} = {5D20AA90-6969-D8BD-9DCD-8634F4692FDA}
		{14FBEA1F-4E72-4E60-91C2-D04AD931AB75} = {5D20AA90-6969-D8BD-9DCD-8634F4692FDA}
		{EACC98BF-CB6D-488A-A7C7-DE058676A43A} = {5D20AA90-6969-D8BD-9DCD-8634F4692FDA}
		{DBCCB4E2-5A0F-4925-AD9B-00DC74A88B01} = {5D20AA90-6969-D8BD-9DCD-8634F4692FDA}
		{0E8A8355-07A5-4C96-8B95-8423400BCC8D} = {5D20AA90-6969-D8BD-9DCD-8634F4692FDA}
		{7770D6BE-6519-4B4D-9289-6A3D4F7EA3CF} = {5D20AA90-6969-D8BD-9DCD-8634F4692FDA}
		{078CA246-3C36-4BCA-9BEE-A6C6C53F0465} = {5D20AA90-6969-D8BD-9DCD-8634F4692FDA}
		{9C5ECDF6-2675-4F02-99C6-7EADE55DD309} = {827E0CD3-B72D-47B6-A68D-7590B98EB39B}
		{34FFE0FF-93AC-480F-B7AB-BA3904490924} = {5D20AA90-6969-D8BD-9DCD-8634F4692FDA}
	EndGlobalSection
EndGlobal
