
Microsoft Visual Studio Solution File, Format Version 12.00
# Visual Studio Version 18
VisualStudioVersion = 18.3.11415.281
MinimumVisualStudioVersion = 10.0.40219.1
Project("{2150E333-8FDC-42A3-9474-1A3956D46DE8}") = "samples", "samples", "{5D20AA90-6969-D8BD-9DCD-8634F4692FDA}"
EndProject
Project("{FAE04EC0-301F-11D3-BF4B-00C04F79EFBC}") = "Brinell.Samples.Shared", "samples\Brinell.Samples.Shared\Brinell.Samples.Shared.csproj", "{B0003BF1-9451-446E-834F-8D1F8FC60DB6}"
EndProject
Project("{FAE04EC0-301F-11D3-BF4B-00C04F79EFBC}") = "Brinell.Samples.Wpf.App", "samples\Brinell.Samples.Wpf.App\Brinell.Samples.Wpf.App.csproj", "{14FBEA1F-4E72-4E60-91C2-D04AD931AB75}"
EndProject
Project("{FAE04EC0-301F-11D3-BF4B-00C04F79EFBC}") = "Brinell.Samples.Blazor.App", "samples\Brinell.Samples.Blazor.App\Brinell.Samples.Blazor.App.csproj", "{EACC98BF-CB6D-488A-A7C7-DE058676A43A}"
EndProject
Project("{FAE04EC0-301F-11D3-BF4B-00C04F79EFBC}") = "Brinell.Samples.Maui.App", "samples\Brinell.Samples.Maui.App\Brinell.Samples.Maui.App.csproj", "{7770D6BE-6519-4B4D-9289-6A3D4F7EA3CF}"
EndProject
Project("{FAE04EC0-301F-11D3-BF4B-00C04F79EFBC}") = "Brinell.Samples.Stride.App", "samples\Brinell.Samples.Stride.App\Brinell.Samples.Stride.App.csproj", "{17230575-99BC-4B0A-A0BF-9FE0C9E33E13}"
EndProject
Project("{2150E333-8FDC-42A3-9474-1A3956D46DE8}") = "srcnew", "srcnew", "{27F1D1C3-B5E4-9C93-60ED-344EB993FBAB}"
EndProject
Project("{FAE04EC0-301F-11D3-BF4B-00C04F79EFBC}") = "Brinell.Maui.CommunityToolkit", "srcnew\Brinell.Maui.CommunityToolkit\Brinell.Maui.CommunityToolkit.csproj", "{52103AF2-8745-405D-AD73-F467486E08B7}"
EndProject
Project("{FAE04EC0-301F-11D3-BF4B-00C04F79EFBC}") = "Brinell.Maui", "srcnew\Brinell.Maui\Brinell.Maui.csproj", "{F5850AA3-8206-4132-BCD6-85A04EE7B089}"
EndProject
Project("{FAE04EC0-301F-11D3-BF4B-00C04F79EFBC}") = "Brinell.Core", "srcnew\Brinell.Core\Brinell.Core.csproj", "{620BB629-EF20-45F3-A5E5-34B380BDEA0B}"
EndProject
Project("{FAE04EC0-301F-11D3-BF4B-00C04F79EFBC}") = "Brinell.Maui.FlaUI", "srcnew\Brinell.Maui.FlaUI\Brinell.Maui.FlaUI.csproj", "{A41ED0EE-AFC4-94D5-B3F0-4E215BC036AB}"
EndProject
Project("{FAE04EC0-301F-11D3-BF4B-00C04F79EFBC}") = "Brinell.Maui.Appium", "srcnew\Brinell.Maui.Appium\Brinell.Maui.Appium.csproj", "{9B14E7D1-E9AD-A6C1-BA3E-2958FCA2238B}"
EndProject
Project("{FAE04EC0-301F-11D3-BF4B-00C04F79EFBC}") = "Brinell.Mocking", "srcnew\Brinell.Mocking\Brinell.Mocking.csproj", "{4DDF6AC3-A96A-CB6D-844D-FD9099388B7E}"
EndProject
Project("{2150E333-8FDC-42A3-9474-1A3956D46DE8}") = "testsnew", "testsnew", "{A7679408-D78C-4F89-AD79-1F37BD556D7D}"
EndProject
Project("{FAE04EC0-301F-11D3-BF4B-00C04F79EFBC}") = "Brinell.Maui.Tests", "testsnew\Brinell.Maui.Tests\Brinell.Maui.Tests.csproj", "{AECDB0C7-7D44-EC17-691A-891C401E151E}"
EndProject
Project("{FAE04EC0-301F-11D3-BF4B-00C04F79EFBC}") = "Brinell.Maui.UITests", "testsnew\Brinell.Maui.UITests\Brinell.Maui.UITests.csproj", "{8C538084-A5FF-5954-EC44-0CD2603ED7D0}"
EndProject
Project("{2150E333-8FDC-42A3-9474-1A3956D46DE8}") = ".my", ".my", "{73808DE4-5503-4E0A-9BF3-61D0D6306FAF}"
	ProjectSection(SolutionItems) = preProject
		review.md = review.md
	EndProjectSection
EndProject
Project("{FAE04EC0-301F-11D3-BF4B-00C04F79EFBC}") = "Brinell.Html", "srcnew\Brinell.Html\Brinell.Html.csproj", "{0D732E4C-B2F2-608B-DFB0-73E5ECBBB9E7}"
EndProject
Project("{FAE04EC0-301F-11D3-BF4B-00C04F79EFBC}") = "Brinell.Html.Playwright", "srcnew\Brinell.Html.Playwright\Brinell.Html.Playwright.csproj", "{088AF80B-B814-6C77-9FB7-E58580FBD83A}"
EndProject
Project("{FAE04EC0-301F-11D3-BF4B-00C04F79EFBC}") = "Brinell.Html.UITests", "testsnew\Brinell.Html.UITests\Brinell.Html.UITests.csproj", "{09F0E34E-E9E0-B794-75AE-BA839175742C}"
EndProject
Project("{2150E333-8FDC-42A3-9474-1A3956D46DE8}") = "tools", "tools", "{07C2787E-EAC7-C090-1BA3-A61EC2A24D84}"
EndProject
Project("{FAE04EC0-301F-11D3-BF4B-00C04F79EFBC}") = "Brinell.Scraper", "tools\Brinell.Scraper\Brinell.Scraper.csproj", "{7F5F7F32-0B6C-4428-9339-403C9D957E87}"
EndProject
Global
	GlobalSection(SolutionConfigurationPlatforms) = preSolution
		Debug|Any CPU = Debug|Any CPU
		Debug|x64 = Debug|x64
		Debug|x86 = Debug|x86
		Release|Any CPU = Release|Any CPU
		Release|x64 = Release|x64
		Release|x86 = Release|x86
	EndGlobalSection
	GlobalSection(ProjectConfigurationPlatforms) = postSolution
		{B0003BF1-9451-446E-834F-8D1F8FC60DB6}.Debug|Any CPU.ActiveCfg = Debug|Any CPU
		{B0003BF1-9451-446E-834F-8D1F8FC60DB6}.Debug|Any CPU.Build.0 = Debug|Any CPU
		{B0003BF1-9451-446E-834F-8D1F8FC60DB6}.Debug|x64.ActiveCfg = Debug|Any CPU
		{B0003BF1-9451-446E-834F-8D1F8FC60DB6}.Debug|x64.Build.0 = Debug|Any CPU
		{B0003BF1-9451-446E-834F-8D1F8FC60DB6}.Debug|x86.ActiveCfg = Debug|Any CPU
		{B0003BF1-9451-446E-834F-8D1F8FC60DB6}.Debug|x86.Build.0 = Debug|Any CPU
		{B0003BF1-9451-446E-834F-8D1F8FC60DB6}.Release|Any CPU.ActiveCfg = Release|Any CPU
		{B0003BF1-9451-446E-834F-8D1F8FC60DB6}.Release|Any CPU.Build.0 = Release|Any CPU
		{B0003BF1-9451-446E-834F-8D1F8FC60DB6}.Release|x64.ActiveCfg = Release|Any CPU
		{B0003BF1-9451-446E-834F-8D1F8FC60DB6}.Release|x64.Build.0 = Release|Any CPU
		{B0003BF1-9451-446E-834F-8D1F8FC60DB6}.Release|x86.ActiveCfg = Release|Any CPU
		{B0003BF1-9451-446E-834F-8D1F8FC60DB6}.Release|x86.Build.0 = Release|Any CPU
		{14FBEA1F-4E72-4E60-91C2-D04AD931AB75}.Debug|Any CPU.ActiveCfg = Debug|Any CPU
		{14FBEA1F-4E72-4E60-91C2-D04AD931AB75}.Debug|Any CPU.Build.0 = Debug|Any CPU
		{14FBEA1F-4E72-4E60-91C2-D04AD931AB75}.Debug|x64.ActiveCfg = Debug|Any CPU
		{14FBEA1F-4E72-4E60-91C2-D04AD931AB75}.Debug|x64.Build.0 = Debug|Any CPU
		{14FBEA1F-4E72-4E60-91C2-D04AD931AB75}.Debug|x86.ActiveCfg = Debug|Any CPU
		{14FBEA1F-4E72-4E60-91C2-D04AD931AB75}.Debug|x86.Build.0 = Debug|Any CPU
		{14FBEA1F-4E72-4E60-91C2-D04AD931AB75}.Release|Any CPU.ActiveCfg = Release|Any CPU
		{14FBEA1F-4E72-4E60-91C2-D04AD931AB75}.Release|Any CPU.Build.0 = Release|Any CPU
		{14FBEA1F-4E72-4E60-91C2-D04AD931AB75}.Release|x64.ActiveCfg = Release|Any CPU
		{14FBEA1F-4E72-4E60-91C2-D04AD931AB75}.Release|x64.Build.0 = Release|Any CPU
		{14FBEA1F-4E72-4E60-91C2-D04AD931AB75}.Release|x86.ActiveCfg = Release|Any CPU
		{14FBEA1F-4E72-4E60-91C2-D04AD931AB75}.Release|x86.Build.0 = Release|Any CPU
		{EACC98BF-CB6D-488A-A7C7-DE058676A43A}.Debug|Any CPU.ActiveCfg = Debug|Any CPU
		{EACC98BF-CB6D-488A-A7C7-DE058676A43A}.Debug|Any CPU.Build.0 = Debug|Any CPU
		{EACC98BF-CB6D-488A-A7C7-DE058676A43A}.Debug|x64.ActiveCfg = Debug|Any CPU
		{EACC98BF-CB6D-488A-A7C7-DE058676A43A}.Debug|x64.Build.0 = Debug|Any CPU
		{EACC98BF-CB6D-488A-A7C7-DE058676A43A}.Debug|x86.ActiveCfg = Debug|Any CPU
		{EACC98BF-CB6D-488A-A7C7-DE058676A43A}.Debug|x86.Build.0 = Debug|Any CPU
		{EACC98BF-CB6D-488A-A7C7-DE058676A43A}.Release|Any CPU.ActiveCfg = Release|Any CPU
		{EACC98BF-CB6D-488A-A7C7-DE058676A43A}.Release|Any CPU.Build.0 = Release|Any CPU
		{EACC98BF-CB6D-488A-A7C7-DE058676A43A}.Release|x64.ActiveCfg = Release|Any CPU
		{EACC98BF-CB6D-488A-A7C7-DE058676A43A}.Release|x64.Build.0 = Release|Any CPU
		{EACC98BF-CB6D-488A-A7C7-DE058676A43A}.Release|x86.ActiveCfg = Release|Any CPU
		{EACC98BF-CB6D-488A-A7C7-DE058676A43A}.Release|x86.Build.0 = Release|Any CPU
		{7770D6BE-6519-4B4D-9289-6A3D4F7EA3CF}.Debug|Any CPU.ActiveCfg = Debug|Any CPU
		{7770D6BE-6519-4B4D-9289-6A3D4F7EA3CF}.Debug|Any CPU.Build.0 = Debug|Any CPU
		{7770D6BE-6519-4B4D-9289-6A3D4F7EA3CF}.Debug|x64.ActiveCfg = Debug|Any CPU
		{7770D6BE-6519-4B4D-9289-6A3D4F7EA3CF}.Debug|x64.Build.0 = Debug|Any CPU
		{7770D6BE-6519-4B4D-9289-6A3D4F7EA3CF}.Debug|x86.ActiveCfg = Debug|Any CPU
		{7770D6BE-6519-4B4D-9289-6A3D4F7EA3CF}.Debug|x86.Build.0 = Debug|Any CPU
		{7770D6BE-6519-4B4D-9289-6A3D4F7EA3CF}.Release|Any CPU.ActiveCfg = Release|Any CPU
		{7770D6BE-6519-4B4D-9289-6A3D4F7EA3CF}.Release|Any CPU.Build.0 = Release|Any CPU
		{7770D6BE-6519-4B4D-9289-6A3D4F7EA3CF}.Release|x64.ActiveCfg = Release|Any CPU
		{7770D6BE-6519-4B4D-9289-6A3D4F7EA3CF}.Release|x64.Build.0 = Release|Any CPU
		{7770D6BE-6519-4B4D-9289-6A3D4F7EA3CF}.Release|x86.ActiveCfg = Release|Any CPU
		{7770D6BE-6519-4B4D-9289-6A3D4F7EA3CF}.Release|x86.Build.0 = Release|Any CPU
		{17230575-99BC-4B0A-A0BF-9FE0C9E33E13}.Debug|Any CPU.ActiveCfg = Debug|Any CPU
		{17230575-99BC-4B0A-A0BF-9FE0C9E33E13}.Debug|Any CPU.Build.0 = Debug|Any CPU
		{17230575-99BC-4B0A-A0BF-9FE0C9E33E13}.Debug|x64.ActiveCfg = Debug|Any CPU
		{17230575-99BC-4B0A-A0BF-9FE0C9E33E13}.Debug|x64.Build.0 = Debug|Any CPU
		{17230575-99BC-4B0A-A0BF-9FE0C9E33E13}.Debug|x86.ActiveCfg = Debug|Any CPU
		{17230575-99BC-4B0A-A0BF-9FE0C9E33E13}.Debug|x86.Build.0 = Debug|Any CPU
		{17230575-99BC-4B0A-A0BF-9FE0C9E33E13}.Release|Any CPU.ActiveCfg = Release|Any CPU
		{17230575-99BC-4B0A-A0BF-9FE0C9E33E13}.Release|Any CPU.Build.0 = Release|Any CPU
		{17230575-99BC-4B0A-A0BF-9FE0C9E33E13}.Release|x64.ActiveCfg = Release|Any CPU
		{17230575-99BC-4B0A-A0BF-9FE0C9E33E13}.Release|x64.Build.0 = Release|Any CPU
		{17230575-99BC-4B0A-A0BF-9FE0C9E33E13}.Release|x86.ActiveCfg = Release|Any CPU
		{17230575-99BC-4B0A-A0BF-9FE0C9E33E13}.Release|x86.Build.0 = Release|Any CPU
		{52103AF2-8745-405D-AD73-F467486E08B7}.Debug|Any CPU.ActiveCfg = Debug|Any CPU
		{52103AF2-8745-405D-AD73-F467486E08B7}.Debug|Any CPU.Build.0 = Debug|Any CPU
		{52103AF2-8745-405D-AD73-F467486E08B7}.Debug|x64.ActiveCfg = Debug|Any CPU
		{52103AF2-8745-405D-AD73-F467486E08B7}.Debug|x64.Build.0 = Debug|Any CPU
		{52103AF2-8745-405D-AD73-F467486E08B7}.Debug|x86.ActiveCfg = Debug|Any CPU
		{52103AF2-8745-405D-AD73-F467486E08B7}.Debug|x86.Build.0 = Debug|Any CPU
		{52103AF2-8745-405D-AD73-F467486E08B7}.Release|Any CPU.ActiveCfg = Release|Any CPU
		{52103AF2-8745-405D-AD73-F467486E08B7}.Release|Any CPU.Build.0 = Release|Any CPU
		{52103AF2-8745-405D-AD73-F467486E08B7}.Release|x64.ActiveCfg = Release|Any CPU
		{52103AF2-8745-405D-AD73-F467486E08B7}.Release|x64.Build.0 = Release|Any CPU
		{52103AF2-8745-405D-AD73-F467486E08B7}.Release|x86.ActiveCfg = Release|Any CPU
		{52103AF2-8745-405D-AD73-F467486E08B7}.Release|x86.Build.0 = Release|Any CPU
		{F5850AA3-8206-4132-BCD6-85A04EE7B089}.Debug|Any CPU.ActiveCfg = Debug|Any CPU
		{F5850AA3-8206-4132-BCD6-85A04EE7B089}.Debug|Any CPU.Build.0 = Debug|Any CPU
		{F5850AA3-8206-4132-BCD6-85A04EE7B089}.Debug|x64.ActiveCfg = Debug|Any CPU
		{F5850AA3-8206-4132-BCD6-85A04EE7B089}.Debug|x64.Build.0 = Debug|Any CPU
		{F5850AA3-8206-4132-BCD6-85A04EE7B089}.Debug|x86.ActiveCfg = Debug|Any CPU
		{F5850AA3-8206-4132-BCD6-85A04EE7B089}.Debug|x86.Build.0 = Debug|Any CPU
		{F5850AA3-8206-4132-BCD6-85A04EE7B089}.Release|Any CPU.ActiveCfg = Release|Any CPU
		{F5850AA3-8206-4132-BCD6-85A04EE7B089}.Release|Any CPU.Build.0 = Release|Any CPU
		{F5850AA3-8206-4132-BCD6-85A04EE7B089}.Release|x64.ActiveCfg = Release|Any CPU
		{F5850AA3-8206-4132-BCD6-85A04EE7B089}.Release|x64.Build.0 = Release|Any CPU
		{F5850AA3-8206-4132-BCD6-85A04EE7B089}.Release|x86.ActiveCfg = Release|Any CPU
		{F5850AA3-8206-4132-BCD6-85A04EE7B089}.Release|x86.Build.0 = Release|Any CPU
		{620BB629-EF20-45F3-A5E5-34B380BDEA0B}.Debug|Any CPU.ActiveCfg = Debug|Any CPU
		{620BB629-EF20-45F3-A5E5-34B380BDEA0B}.Debug|Any CPU.Build.0 = Debug|Any CPU
		{620BB629-EF20-45F3-A5E5-34B380BDEA0B}.Debug|x64.ActiveCfg = Debug|Any CPU
		{620BB629-EF20-45F3-A5E5-34B380BDEA0B}.Debug|x64.Build.0 = Debug|Any CPU
		{620BB629-EF20-45F3-A5E5-34B380BDEA0B}.Debug|x86.ActiveCfg = Debug|Any CPU
		{620BB629-EF20-45F3-A5E5-34B380BDEA0B}.Debug|x86.Build.0 = Debug|Any CPU
		{620BB629-EF20-45F3-A5E5-34B380BDEA0B}.Release|Any CPU.ActiveCfg = Release|Any CPU
		{620BB629-EF20-45F3-A5E5-34B380BDEA0B}.Release|Any CPU.Build.0 = Release|Any CPU
		{620BB629-EF20-45F3-A5E5-34B380BDEA0B}.Release|x64.ActiveCfg = Release|Any CPU
		{620BB629-EF20-45F3-A5E5-34B380BDEA0B}.Release|x64.Build.0 = Release|Any CPU
		{620BB629-EF20-45F3-A5E5-34B380BDEA0B}.Release|x86.ActiveCfg = Release|Any CPU
		{620BB629-EF20-45F3-A5E5-34B380BDEA0B}.Release|x86.Build.0 = Release|Any CPU
		{A41ED0EE-AFC4-94D5-B3F0-4E215BC036AB}.Debug|Any CPU.ActiveCfg = Debug|Any CPU
		{A41ED0EE-AFC4-94D5-B3F0-4E215BC036AB}.Debug|Any CPU.Build.0 = Debug|Any CPU
		{A41ED0EE-AFC4-94D5-B3F0-4E215BC036AB}.Debug|x64.ActiveCfg = Debug|Any CPU
		{A41ED0EE-AFC4-94D5-B3F0-4E215BC036AB}.Debug|x64.Build.0 = Debug|Any CPU
		{A41ED0EE-AFC4-94D5-B3F0-4E215BC036AB}.Debug|x86.ActiveCfg = Debug|Any CPU
		{A41ED0EE-AFC4-94D5-B3F0-4E215BC036AB}.Debug|x86.Build.0 = Debug|Any CPU
		{A41ED0EE-AFC4-94D5-B3F0-4E215BC036AB}.Release|Any CPU.ActiveCfg = Release|Any CPU
		{A41ED0EE-AFC4-94D5-B3F0-4E215BC036AB}.Release|Any CPU.Build.0 = Release|Any CPU
		{A41ED0EE-AFC4-94D5-B3F0-4E215BC036AB}.Release|x64.ActiveCfg = Release|Any CPU
		{A41ED0EE-AFC4-94D5-B3F0-4E215BC036AB}.Release|x64.Build.0 = Release|Any CPU
		{A41ED0EE-AFC4-94D5-B3F0-4E215BC036AB}.Release|x86.ActiveCfg = Release|Any CPU
		{A41ED0EE-AFC4-94D5-B3F0-4E215BC036AB}.Release|x86.Build.0 = Release|Any CPU
		{9B14E7D1-E9AD-A6C1-BA3E-2958FCA2238B}.Debug|Any CPU.ActiveCfg = Debug|Any CPU
		{9B14E7D1-E9AD-A6C1-BA3E-2958FCA2238B}.Debug|Any CPU.Build.0 = Debug|Any CPU
		{9B14E7D1-E9AD-A6C1-BA3E-2958FCA2238B}.Debug|x64.ActiveCfg = Debug|Any CPU
		{9B14E7D1-E9AD-A6C1-BA3E-2958FCA2238B}.Debug|x64.Build.0 = Debug|Any CPU
		{9B14E7D1-E9AD-A6C1-BA3E-2958FCA2238B}.Debug|x86.ActiveCfg = Debug|Any CPU
		{9B14E7D1-E9AD-A6C1-BA3E-2958FCA2238B}.Debug|x86.Build.0 = Debug|Any CPU
		{9B14E7D1-E9AD-A6C1-BA3E-2958FCA2238B}.Release|Any CPU.ActiveCfg = Release|Any CPU
		{9B14E7D1-E9AD-A6C1-BA3E-2958FCA2238B}.Release|Any CPU.Build.0 = Release|Any CPU
		{9B14E7D1-E9AD-A6C1-BA3E-2958FCA2238B}.Release|x64.ActiveCfg = Release|Any CPU
		{9B14E7D1-E9AD-A6C1-BA3E-2958FCA2238B}.Release|x64.Build.0 = Release|Any CPU
		{9B14E7D1-E9AD-A6C1-BA3E-2958FCA2238B}.Release|x86.ActiveCfg = Release|Any CPU
		{9B14E7D1-E9AD-A6C1-BA3E-2958FCA2238B}.Release|x86.Build.0 = Release|Any CPU
		{4DDF6AC3-A96A-CB6D-844D-FD9099388B7E}.Debug|Any CPU.ActiveCfg = Debug|Any CPU
		{4DDF6AC3-A96A-CB6D-844D-FD9099388B7E}.Debug|Any CPU.Build.0 = Debug|Any CPU
		{4DDF6AC3-A96A-CB6D-844D-FD9099388B7E}.Debug|x64.ActiveCfg = Debug|Any CPU
		{4DDF6AC3-A96A-CB6D-844D-FD9099388B7E}.Debug|x64.Build.0 = Debug|Any CPU
		{4DDF6AC3-A96A-CB6D-844D-FD9099388B7E}.Debug|x86.ActiveCfg = Debug|Any CPU
		{4DDF6AC3-A96A-CB6D-844D-FD9099388B7E}.Debug|x86.Build.0 = Debug|Any CPU
		{4DDF6AC3-A96A-CB6D-844D-FD9099388B7E}.Release|Any CPU.ActiveCfg = Release|Any CPU
		{4DDF6AC3-A96A-CB6D-844D-FD9099388B7E}.Release|Any CPU.Build.0 = Release|Any CPU
		{4DDF6AC3-A96A-CB6D-844D-FD9099388B7E}.Release|x64.ActiveCfg = Release|Any CPU
		{4DDF6AC3-A96A-CB6D-844D-FD9099388B7E}.Release|x64.Build.0 = Release|Any CPU
		{4DDF6AC3-A96A-CB6D-844D-FD9099388B7E}.Release|x86.ActiveCfg = Release|Any CPU
		{4DDF6AC3-A96A-CB6D-844D-FD9099388B7E}.Release|x86.Build.0 = Release|Any CPU
		{AECDB0C7-7D44-EC17-691A-891C401E151E}.Debug|Any CPU.ActiveCfg = Debug|Any CPU
		{AECDB0C7-7D44-EC17-691A-891C401E151E}.Debug|Any CPU.Build.0 = Debug|Any CPU
		{AECDB0C7-7D44-EC17-691A-891C401E151E}.Debug|x64.ActiveCfg = Debug|Any CPU
		{AECDB0C7-7D44-EC17-691A-891C401E151E}.Debug|x64.Build.0 = Debug|Any CPU
		{AECDB0C7-7D44-EC17-691A-891C401E151E}.Debug|x86.ActiveCfg = Debug|Any CPU
		{AECDB0C7-7D44-EC17-691A-891C401E151E}.Debug|x86.Build.0 = Debug|Any CPU
		{AECDB0C7-7D44-EC17-691A-891C401E151E}.Release|Any CPU.ActiveCfg = Release|Any CPU
		{AECDB0C7-7D44-EC17-691A-891C401E151E}.Release|Any CPU.Build.0 = Release|Any CPU
		{AECDB0C7-7D44-EC17-691A-891C401E151E}.Release|x64.ActiveCfg = Release|Any CPU
		{AECDB0C7-7D44-EC17-691A-891C401E151E}.Release|x64.Build.0 = Release|Any CPU
		{AECDB0C7-7D44-EC17-691A-891C401E151E}.Release|x86.ActiveCfg = Release|Any CPU
		{AECDB0C7-7D44-EC17-691A-891C401E151E}.Release|x86.Build.0 = Release|Any CPU
		{8C538084-A5FF-5954-EC44-0CD2603ED7D0}.Debug|Any CPU.ActiveCfg = Debug|Any CPU
		{8C538084-A5FF-5954-EC44-0CD2603ED7D0}.Debug|Any CPU.Build.0 = Debug|Any CPU
		{8C538084-A5FF-5954-EC44-0CD2603ED7D0}.Debug|x64.ActiveCfg = Debug|Any CPU
		{8C538084-A5FF-5954-EC44-0CD2603ED7D0}.Debug|x64.Build.0 = Debug|Any CPU
		{8C538084-A5FF-5954-EC44-0CD2603ED7D0}.Debug|x86.ActiveCfg = Debug|Any CPU
		{8C538084-A5FF-5954-EC44-0CD2603ED7D0}.Debug|x86.Build.0 = Debug|Any CPU
		{8C538084-A5FF-5954-EC44-0CD2603ED7D0}.Release|Any CPU.ActiveCfg = Release|Any CPU
		{8C538084-A5FF-5954-EC44-0CD2603ED7D0}.Release|Any CPU.Build.0 = Release|Any CPU
		{8C538084-A5FF-5954-EC44-0CD2603ED7D0}.Release|x64.ActiveCfg = Release|Any CPU
		{8C538084-A5FF-5954-EC44-0CD2603ED7D0}.Release|x64.Build.0 = Release|Any CPU
		{8C538084-A5FF-5954-EC44-0CD2603ED7D0}.Release|x86.ActiveCfg = Release|Any CPU
		{8C538084-A5FF-5954-EC44-0CD2603ED7D0}.Release|x86.Build.0 = Release|Any CPU
		{0D732E4C-B2F2-608B-DFB0-73E5ECBBB9E7}.Debug|Any CPU.ActiveCfg = Debug|Any CPU
		{0D732E4C-B2F2-608B-DFB0-73E5ECBBB9E7}.Debug|Any CPU.Build.0 = Debug|Any CPU
		{0D732E4C-B2F2-608B-DFB0-73E5ECBBB9E7}.Debug|x64.ActiveCfg = Debug|Any CPU
		{0D732E4C-B2F2-608B-DFB0-73E5ECBBB9E7}.Debug|x64.Build.0 = Debug|Any CPU
		{0D732E4C-B2F2-608B-DFB0-73E5ECBBB9E7}.Debug|x86.ActiveCfg = Debug|Any CPU
		{0D732E4C-B2F2-608B-DFB0-73E5ECBBB9E7}.Debug|x86.Build.0 = Debug|Any CPU
		{0D732E4C-B2F2-608B-DFB0-73E5ECBBB9E7}.Release|Any CPU.ActiveCfg = Release|Any CPU
		{0D732E4C-B2F2-608B-DFB0-73E5ECBBB9E7}.Release|Any CPU.Build.0 = Release|Any CPU
		{0D732E4C-B2F2-608B-DFB0-73E5ECBBB9E7}.Release|x64.ActiveCfg = Release|Any CPU
		{0D732E4C-B2F2-608B-DFB0-73E5ECBBB9E7}.Release|x64.Build.0 = Release|Any CPU
		{0D732E4C-B2F2-608B-DFB0-73E5ECBBB9E7}.Release|x86.ActiveCfg = Release|Any CPU
		{0D732E4C-B2F2-608B-DFB0-73E5ECBBB9E7}.Release|x86.Build.0 = Release|Any CPU
		{088AF80B-B814-6C77-9FB7-E58580FBD83A}.Debug|Any CPU.ActiveCfg = Debug|Any CPU
		{088AF80B-B814-6C77-9FB7-E58580FBD83A}.Debug|Any CPU.Build.0 = Debug|Any CPU
		{088AF80B-B814-6C77-9FB7-E58580FBD83A}.Debug|x64.ActiveCfg = Debug|Any CPU
		{088AF80B-B814-6C77-9FB7-E58580FBD83A}.Debug|x64.Build.0 = Debug|Any CPU
		{088AF80B-B814-6C77-9FB7-E58580FBD83A}.Debug|x86.ActiveCfg = Debug|Any CPU
		{088AF80B-B814-6C77-9FB7-E58580FBD83A}.Debug|x86.Build.0 = Debug|Any CPU
		{088AF80B-B814-6C77-9FB7-E58580FBD83A}.Release|Any CPU.ActiveCfg = Release|Any CPU
		{088AF80B-B814-6C77-9FB7-E58580FBD83A}.Release|Any CPU.Build.0 = Release|Any CPU
		{088AF80B-B814-6C77-9FB7-E58580FBD83A}.Release|x64.ActiveCfg = Release|Any CPU
		{088AF80B-B814-6C77-9FB7-E58580FBD83A}.Release|x64.Build.0 = Release|Any CPU
		{088AF80B-B814-6C77-9FB7-E58580FBD83A}.Release|x86.ActiveCfg = Release|Any CPU
		{088AF80B-B814-6C77-9FB7-E58580FBD83A}.Release|x86.Build.0 = Release|Any CPU
		{09F0E34E-E9E0-B794-75AE-BA839175742C}.Debug|Any CPU.ActiveCfg = Debug|Any CPU
		{09F0E34E-E9E0-B794-75AE-BA839175742C}.Debug|Any CPU.Build.0 = Debug|Any CPU
		{09F0E34E-E9E0-B794-75AE-BA839175742C}.Debug|x64.ActiveCfg = Debug|Any CPU
		{09F0E34E-E9E0-B794-75AE-BA839175742C}.Debug|x64.Build.0 = Debug|Any CPU
		{09F0E34E-E9E0-B794-75AE-BA839175742C}.Debug|x86.ActiveCfg = Debug|Any CPU
		{09F0E34E-E9E0-B794-75AE-BA839175742C}.Debug|x86.Build.0 = Debug|Any CPU
		{09F0E34E-E9E0-B794-75AE-BA839175742C}.Release|Any CPU.ActiveCfg = Release|Any CPU
		{09F0E34E-E9E0-B794-75AE-BA839175742C}.Release|Any CPU.Build.0 = Release|Any CPU
		{09F0E34E-E9E0-B794-75AE-BA839175742C}.Release|x64.ActiveCfg = Release|Any CPU
		{09F0E34E-E9E0-B794-75AE-BA839175742C}.Release|x64.Build.0 = Release|Any CPU
		{09F0E34E-E9E0-B794-75AE-BA839175742C}.Release|x86.ActiveCfg = Release|Any CPU
		{09F0E34E-E9E0-B794-75AE-BA839175742C}.Release|x86.Build.0 = Release|Any CPU
		{7F5F7F32-0B6C-4428-9339-403C9D957E87}.Debug|Any CPU.ActiveCfg = Debug|Any CPU
		{7F5F7F32-0B6C-4428-9339-403C9D957E87}.Debug|Any CPU.Build.0 = Debug|Any CPU
		{7F5F7F32-0B6C-4428-9339-403C9D957E87}.Debug|x64.ActiveCfg = Debug|Any CPU
		{7F5F7F32-0B6C-4428-9339-403C9D957E87}.Debug|x64.Build.0 = Debug|Any CPU
		{7F5F7F32-0B6C-4428-9339-403C9D957E87}.Debug|x86.ActiveCfg = Debug|Any CPU
		{7F5F7F32-0B6C-4428-9339-403C9D957E87}.Debug|x86.Build.0 = Debug|Any CPU
		{7F5F7F32-0B6C-4428-9339-403C9D957E87}.Release|Any CPU.ActiveCfg = Release|Any CPU
		{7F5F7F32-0B6C-4428-9339-403C9D957E87}.Release|Any CPU.Build.0 = Release|Any CPU
		{7F5F7F32-0B6C-4428-9339-403C9D957E87}.Release|x64.ActiveCfg = Release|Any CPU
		{7F5F7F32-0B6C-4428-9339-403C9D957E87}.Release|x64.Build.0 = Release|Any CPU
		{7F5F7F32-0B6C-4428-9339-403C9D957E87}.Release|x86.ActiveCfg = Release|Any CPU
		{7F5F7F32-0B6C-4428-9339-403C9D957E87}.Release|x86.Build.0 = Release|Any CPU
	EndGlobalSection
	GlobalSection(SolutionProperties) = preSolution
		HideSolutionNode = FALSE
	EndGlobalSection
	GlobalSection(NestedProjects) = preSolution
		{B0003BF1-9451-446E-834F-8D1F8FC60DB6} = {5D20AA90-6969-D8BD-9DCD-8634F4692FDA}
		{14FBEA1F-4E72-4E60-91C2-D04AD931AB75} = {5D20AA90-6969-D8BD-9DCD-8634F4692FDA}
		{EACC98BF-CB6D-488A-A7C7-DE058676A43A} = {5D20AA90-6969-D8BD-9DCD-8634F4692FDA}
		{7770D6BE-6519-4B4D-9289-6A3D4F7EA3CF} = {5D20AA90-6969-D8BD-9DCD-8634F4692FDA}
		{17230575-99BC-4B0A-A0BF-9FE0C9E33E13} = {5D20AA90-6969-D8BD-9DCD-8634F4692FDA}
		{52103AF2-8745-405D-AD73-F467486E08B7} = {27F1D1C3-B5E4-9C93-60ED-344EB993FBAB}
		{F5850AA3-8206-4132-BCD6-85A04EE7B089} = {27F1D1C3-B5E4-9C93-60ED-344EB993FBAB}
		{620BB629-EF20-45F3-A5E5-34B380BDEA0B} = {27F1D1C3-B5E4-9C93-60ED-344EB993FBAB}
		{A41ED0EE-AFC4-94D5-B3F0-4E215BC036AB} = {27F1D1C3-B5E4-9C93-60ED-344EB993FBAB}
		{9B14E7D1-E9AD-A6C1-BA3E-2958FCA2238B} = {27F1D1C3-B5E4-9C93-60ED-344EB993FBAB}
		{4DDF6AC3-A96A-CB6D-844D-FD9099388B7E} = {27F1D1C3-B5E4-9C93-60ED-344EB993FBAB}
		{AECDB0C7-7D44-EC17-691A-891C401E151E} = {A7679408-D78C-4F89-AD79-1F37BD556D7D}
		{8C538084-A5FF-5954-EC44-0CD2603ED7D0} = {A7679408-D78C-4F89-AD79-1F37BD556D7D}
		{0D732E4C-B2F2-608B-DFB0-73E5ECBBB9E7} = {27F1D1C3-B5E4-9C93-60ED-344EB993FBAB}
		{088AF80B-B814-6C77-9FB7-E58580FBD83A} = {27F1D1C3-B5E4-9C93-60ED-344EB993FBAB}
		{09F0E34E-E9E0-B794-75AE-BA839175742C} = {A7679408-D78C-4F89-AD79-1F37BD556D7D}
		{7F5F7F32-0B6C-4428-9339-403C9D957E87} = {07C2787E-EAC7-C090-1BA3-A61EC2A24D84}
	EndGlobalSection
	GlobalSection(ExtensibilityGlobals) = postSolution
		SolutionGuid = {9AAC82C9-AC6C-4A37-91AE-D85E3FA572C5}
	EndGlobalSection
EndGlobal
