
Microsoft Visual Studio Solution File, Format Version 12.00
# Visual Studio Version 17
VisualStudioVersion = 17.0.31903.59
MinimumVisualStudioVersion = 10.0.40219.1
Project("{FAE04EC0-301F-11D3-BF4B-00C04F79EFBC}") = "Brinell.Core", "Brinell.Core\Brinell.Core.csproj", "{3ECBDF35-C0C3-4FE2-B6DE-75A836E0F92E}"
EndProject
Project("{FAE04EC0-301F-11D3-BF4B-00C04F79EFBC}") = "Brinell.Wpf", "Brinell.Wpf\Brinell.Wpf.csproj", "{0D423B57-9ABA-4C35-8302-148B6D6C3543}"
EndProject
Project("{FAE04EC0-301F-11D3-BF4B-00C04F79EFBC}") = "Brinell.WinForms", "Brinell.WinForms\Brinell.WinForms.csproj", "{7FC82D47-B025-4DC7-BFDE-D6A97B0C6220}"
EndProject
Project("{FAE04EC0-301F-11D3-BF4B-00C04F79EFBC}") = "Brinell.Maui", "Brinell.Maui\Brinell.Maui.csproj", "{982FB910-B5A6-4998-BB27-9B3742F917CF}"
EndProject
Project("{FAE04EC0-301F-11D3-BF4B-00C04F79EFBC}") = "Brinell.Blazor", "Brinell.Blazor\Brinell.Blazor.csproj", "{318B8C9D-854A-4C22-BCA3-970D831BAEC4}"
EndProject
Project("{FAE04EC0-301F-11D3-BF4B-00C04F79EFBC}") = "Brinell.Html", "Brinell.Html\Brinell.Html.csproj", "{2D4A3EE9-34E7-40BF-9489-89F0A3EB1282}"
EndProject
Project("{FAE04EC0-301F-11D3-BF4B-00C04F79EFBC}") = "Brinell.Stride", "Brinell.Stride\Brinell.Stride.csproj", "{0971A5C0-521C-404E-9A90-F66C3D5AF9D1}"
EndProject
Project("{FAE04EC0-301F-11D3-BF4B-00C04F79EFBC}") = "Brinell.Automation", "Brinell.Automation\Brinell.Automation.csproj", "{871D3AB5-8549-4119-9B3B-27AE78110921}"
EndProject
Project("{FAE04EC0-301F-11D3-BF4B-00C04F79EFBC}") = "Brinell.Mocking", "Brinell.Mocking\Brinell.Mocking.csproj", "{D3433C4E-E1E9-458A-B0E8-9DB9E8801DDB}"
EndProject
Global
	GlobalSection(SolutionConfigurationPlatforms) = preSolution
		Debug|Any CPU = Debug|Any CPU
		Debug|x64 = Debug|x64
		Debug|x86 = Debug|x86
		Release|Any CPU = Release|Any CPU
		Release|x64 = Release|x64
		Release|x86 = Release|x86
	EndGlobalSection
	GlobalSection(ProjectConfigurationPlatforms) = postSolution
		{3ECBDF35-C0C3-4FE2-B6DE-75A836E0F92E}.Debug|Any CPU.ActiveCfg = Debug|Any CPU
		{3ECBDF35-C0C3-4FE2-B6DE-75A836E0F92E}.Debug|Any CPU.Build.0 = Debug|Any CPU
		{3ECBDF35-C0C3-4FE2-B6DE-75A836E0F92E}.Debug|x64.ActiveCfg = Debug|Any CPU
		{3ECBDF35-C0C3-4FE2-B6DE-75A836E0F92E}.Debug|x64.Build.0 = Debug|Any CPU
		{3ECBDF35-C0C3-4FE2-B6DE-75A836E0F92E}.Debug|x86.ActiveCfg = Debug|Any CPU
		{3ECBDF35-C0C3-4FE2-B6DE-75A836E0F92E}.Debug|x86.Build.0 = Debug|Any CPU
		{3ECBDF35-C0C3-4FE2-B6DE-75A836E0F92E}.Release|Any CPU.ActiveCfg = Release|Any CPU
		{3ECBDF35-C0C3-4FE2-B6DE-75A836E0F92E}.Release|Any CPU.Build.0 = Release|Any CPU
		{3ECBDF35-C0C3-4FE2-B6DE-75A836E0F92E}.Release|x64.ActiveCfg = Release|Any CPU
		{3ECBDF35-C0C3-4FE2-B6DE-75A836E0F92E}.Release|x64.Build.0 = Release|Any CPU
		{3ECBDF35-C0C3-4FE2-B6DE-75A836E0F92E}.Release|x86.ActiveCfg = Release|Any CPU
		{3ECBDF35-C0C3-4FE2-B6DE-75A836E0F92E}.Release|x86.Build.0 = Release|Any CPU
		{0D423B57-9ABA-4C35-8302-148B6D6C3543}.Debug|Any CPU.ActiveCfg = Debug|Any CPU
		{0D423B57-9ABA-4C35-8302-148B6D6C3543}.Debug|Any CPU.Build.0 = Debug|Any CPU
		{0D423B57-9ABA-4C35-8302-148B6D6C3543}.Debug|x64.ActiveCfg = Debug|Any CPU
		{0D423B57-9ABA-4C35-8302-148B6D6C3543}.Debug|x64.Build.0 = Debug|Any CPU
		{0D423B57-9ABA-4C35-8302-148B6D6C3543}.Debug|x86.ActiveCfg = Debug|Any CPU
		{0D423B57-9ABA-4C35-8302-148B6D6C3543}.Debug|x86.Build.0 = Debug|Any CPU
		{0D423B57-9ABA-4C35-8302-148B6D6C3543}.Release|Any CPU.ActiveCfg = Release|Any CPU
		{0D423B57-9ABA-4C35-8302-148B6D6C3543}.Release|Any CPU.Build.0 = Release|Any CPU
		{0D423B57-9ABA-4C35-8302-148B6D6C3543}.Release|x64.ActiveCfg = Release|Any CPU
		{0D423B57-9ABA-4C35-8302-148B6D6C3543}.Release|x64.Build.0 = Release|Any CPU
		{0D423B57-9ABA-4C35-8302-148B6D6C3543}.Release|x86.ActiveCfg = Release|Any CPU
		{0D423B57-9ABA-4C35-8302-148B6D6C3543}.Release|x86.Build.0 = Release|Any CPU
		{7FC82D47-B025-4DC7-BFDE-D6A97B0C6220}.Debug|Any CPU.ActiveCfg = Debug|Any CPU
		{7FC82D47-B025-4DC7-BFDE-D6A97B0C6220}.Debug|Any CPU.Build.0 = Debug|Any CPU
		{7FC82D47-B025-4DC7-BFDE-D6A97B0C6220}.Debug|x64.ActiveCfg = Debug|Any CPU
		{7FC82D47-B025-4DC7-BFDE-D6A97B0C6220}.Debug|x64.Build.0 = Debug|Any CPU
		{7FC82D47-B025-4DC7-BFDE-D6A97B0C6220}.Debug|x86.ActiveCfg = Debug|Any CPU
		{7FC82D47-B025-4DC7-BFDE-D6A97B0C6220}.Debug|x86.Build.0 = Debug|Any CPU
		{7FC82D47-B025-4DC7-BFDE-D6A97B0C6220}.Release|Any CPU.ActiveCfg = Release|Any CPU
		{7FC82D47-B025-4DC7-BFDE-D6A97B0C6220}.Release|Any CPU.Build.0 = Release|Any CPU
		{7FC82D47-B025-4DC7-BFDE-D6A97B0C6220}.Release|x64.ActiveCfg = Release|Any CPU
		{7FC82D47-B025-4DC7-BFDE-D6A97B0C6220}.Release|x64.Build.0 = Release|Any CPU
		{7FC82D47-B025-4DC7-BFDE-D6A97B0C6220}.Release|x86.ActiveCfg = Release|Any CPU
		{7FC82D47-B025-4DC7-BFDE-D6A97B0C6220}.Release|x86.Build.0 = Release|Any CPU
		{982FB910-B5A6-4998-BB27-9B3742F917CF}.Debug|Any CPU.ActiveCfg = Debug|Any CPU
		{982FB910-B5A6-4998-BB27-9B3742F917CF}.Debug|Any CPU.Build.0 = Debug|Any CPU
		{982FB910-B5A6-4998-BB27-9B3742F917CF}.Debug|x64.ActiveCfg = Debug|Any CPU
		{982FB910-B5A6-4998-BB27-9B3742F917CF}.Debug|x64.Build.0 = Debug|Any CPU
		{982FB910-B5A6-4998-BB27-9B3742F917CF}.Debug|x86.ActiveCfg = Debug|Any CPU
		{982FB910-B5A6-4998-BB27-9B3742F917CF}.Debug|x86.Build.0 = Debug|Any CPU
		{982FB910-B5A6-4998-BB27-9B3742F917CF}.Release|Any CPU.ActiveCfg = Release|Any CPU
		{982FB910-B5A6-4998-BB27-9B3742F917CF}.Release|Any CPU.Build.0 = Release|Any CPU
		{982FB910-B5A6-4998-BB27-9B3742F917CF}.Release|x64.ActiveCfg = Release|Any CPU
		{982FB910-B5A6-4998-BB27-9B3742F917CF}.Release|x64.Build.0 = Release|Any CPU
		{982FB910-B5A6-4998-BB27-9B3742F917CF}.Release|x86.ActiveCfg = Release|Any CPU
		{982FB910-B5A6-4998-BB27-9B3742F917CF}.Release|x86.Build.0 = Release|Any CPU
		{318B8C9D-854A-4C22-BCA3-970D831BAEC4}.Debug|Any CPU.ActiveCfg = Debug|Any CPU
		{318B8C9D-854A-4C22-BCA3-970D831BAEC4}.Debug|Any CPU.Build.0 = Debug|Any CPU
		{318B8C9D-854A-4C22-BCA3-970D831BAEC4}.Debug|x64.ActiveCfg = Debug|Any CPU
		{318B8C9D-854A-4C22-BCA3-970D831BAEC4}.Debug|x64.Build.0 = Debug|Any CPU
		{318B8C9D-854A-4C22-BCA3-970D831BAEC4}.Debug|x86.ActiveCfg = Debug|Any CPU
		{318B8C9D-854A-4C22-BCA3-970D831BAEC4}.Debug|x86.Build.0 = Debug|Any CPU
		{318B8C9D-854A-4C22-BCA3-970D831BAEC4}.Release|Any CPU.ActiveCfg = Release|Any CPU
		{318B8C9D-854A-4C22-BCA3-970D831BAEC4}.Release|Any CPU.Build.0 = Release|Any CPU
		{318B8C9D-854A-4C22-BCA3-970D831BAEC4}.Release|x64.ActiveCfg = Release|Any CPU
		{318B8C9D-854A-4C22-BCA3-970D831BAEC4}.Release|x64.Build.0 = Release|Any CPU
		{318B8C9D-854A-4C22-BCA3-970D831BAEC4}.Release|x86.ActiveCfg = Release|Any CPU
		{318B8C9D-854A-4C22-BCA3-970D831BAEC4}.Release|x86.Build.0 = Release|Any CPU
		{2D4A3EE9-34E7-40BF-9489-89F0A3EB1282}.Debug|Any CPU.ActiveCfg = Debug|Any CPU
		{2D4A3EE9-34E7-40BF-9489-89F0A3EB1282}.Debug|Any CPU.Build.0 = Debug|Any CPU
		{2D4A3EE9-34E7-40BF-9489-89F0A3EB1282}.Debug|x64.ActiveCfg = Debug|Any CPU
		{2D4A3EE9-34E7-40BF-9489-89F0A3EB1282}.Debug|x64.Build.0 = Debug|Any CPU
		{2D4A3EE9-34E7-40BF-9489-89F0A3EB1282}.Debug|x86.ActiveCfg = Debug|Any CPU
		{2D4A3EE9-34E7-40BF-9489-89F0A3EB1282}.Debug|x86.Build.0 = Debug|Any CPU
		{2D4A3EE9-34E7-40BF-9489-89F0A3EB1282}.Release|Any CPU.ActiveCfg = Release|Any CPU
		{2D4A3EE9-34E7-40BF-9489-89F0A3EB1282}.Release|Any CPU.Build.0 = Release|Any CPU
		{2D4A3EE9-34E7-40BF-9489-89F0A3EB1282}.Release|x64.ActiveCfg = Release|Any CPU
		{2D4A3EE9-34E7-40BF-9489-89F0A3EB1282}.Release|x64.Build.0 = Release|Any CPU
		{2D4A3EE9-34E7-40BF-9489-89F0A3EB1282}.Release|x86.ActiveCfg = Release|Any CPU
		{2D4A3EE9-34E7-40BF-9489-89F0A3EB1282}.Release|x86.Build.0 = Release|Any CPU
		{0971A5C0-521C-404E-9A90-F66C3D5AF9D1}.Debug|Any CPU.ActiveCfg = Debug|Any CPU
		{0971A5C0-521C-404E-9A90-F66C3D5AF9D1}.Debug|Any CPU.Build.0 = Debug|Any CPU
		{0971A5C0-521C-404E-9A90-F66C3D5AF9D1}.Debug|x64.ActiveCfg = Debug|Any CPU
		{0971A5C0-521C-404E-9A90-F66C3D5AF9D1}.Debug|x64.Build.0 = Debug|Any CPU
		{0971A5C0-521C-404E-9A90-F66C3D5AF9D1}.Debug|x86.ActiveCfg = Debug|Any CPU
		{0971A5C0-521C-404E-9A90-F66C3D5AF9D1}.Debug|x86.Build.0 = Debug|Any CPU
		{0971A5C0-521C-404E-9A90-F66C3D5AF9D1}.Release|Any CPU.ActiveCfg = Release|Any CPU
		{0971A5C0-521C-404E-9A90-F66C3D5AF9D1}.Release|Any CPU.Build.0 = Release|Any CPU
		{0971A5C0-521C-404E-9A90-F66C3D5AF9D1}.Release|x64.ActiveCfg = Release|Any CPU
		{0971A5C0-521C-404E-9A90-F66C3D5AF9D1}.Release|x64.Build.0 = Release|Any CPU
		{0971A5C0-521C-404E-9A90-F66C3D5AF9D1}.Release|x86.ActiveCfg = Release|Any CPU
		{0971A5C0-521C-404E-9A90-F66C3D5AF9D1}.Release|x86.Build.0 = Release|Any CPU
		{871D3AB5-8549-4119-9B3B-27AE78110921}.Debug|Any CPU.ActiveCfg = Debug|Any CPU
		{871D3AB5-8549-4119-9B3B-27AE78110921}.Debug|Any CPU.Build.0 = Debug|Any CPU
		{871D3AB5-8549-4119-9B3B-27AE78110921}.Debug|x64.ActiveCfg = Debug|Any CPU
		{871D3AB5-8549-4119-9B3B-27AE78110921}.Debug|x64.Build.0 = Debug|Any CPU
		{871D3AB5-8549-4119-9B3B-27AE78110921}.Debug|x86.ActiveCfg = Debug|Any CPU
		{871D3AB5-8549-4119-9B3B-27AE78110921}.Debug|x86.Build.0 = Debug|Any CPU
		{871D3AB5-8549-4119-9B3B-27AE78110921}.Release|Any CPU.ActiveCfg = Release|Any CPU
		{871D3AB5-8549-4119-9B3B-27AE78110921}.Release|Any CPU.Build.0 = Release|Any CPU
		{871D3AB5-8549-4119-9B3B-27AE78110921}.Release|x64.ActiveCfg = Release|Any CPU
		{871D3AB5-8549-4119-9B3B-27AE78110921}.Release|x64.Build.0 = Release|Any CPU
		{871D3AB5-8549-4119-9B3B-27AE78110921}.Release|x86.ActiveCfg = Release|Any CPU
		{871D3AB5-8549-4119-9B3B-27AE78110921}.Release|x86.Build.0 = Release|Any CPU
		{D3433C4E-E1E9-458A-B0E8-9DB9E8801DDB}.Debug|Any CPU.ActiveCfg = Debug|Any CPU
		{D3433C4E-E1E9-458A-B0E8-9DB9E8801DDB}.Debug|Any CPU.Build.0 = Debug|Any CPU
		{D3433C4E-E1E9-458A-B0E8-9DB9E8801DDB}.Debug|x64.ActiveCfg = Debug|Any CPU
		{D3433C4E-E1E9-458A-B0E8-9DB9E8801DDB}.Debug|x64.Build.0 = Debug|Any CPU
		{D3433C4E-E1E9-458A-B0E8-9DB9E8801DDB}.Debug|x86.ActiveCfg = Debug|Any CPU
		{D3433C4E-E1E9-458A-B0E8-9DB9E8801DDB}.Debug|x86.Build.0 = Debug|Any CPU
		{D3433C4E-E1E9-458A-B0E8-9DB9E8801DDB}.Release|Any CPU.ActiveCfg = Release|Any CPU
		{D3433C4E-E1E9-458A-B0E8-9DB9E8801DDB}.Release|Any CPU.Build.0 = Release|Any CPU
		{D3433C4E-E1E9-458A-B0E8-9DB9E8801DDB}.Release|x64.ActiveCfg = Release|Any CPU
		{D3433C4E-E1E9-458A-B0E8-9DB9E8801DDB}.Release|x64.Build.0 = Release|Any CPU
		{D3433C4E-E1E9-458A-B0E8-9DB9E8801DDB}.Release|x86.ActiveCfg = Release|Any CPU
		{D3433C4E-E1E9-458A-B0E8-9DB9E8801DDB}.Release|x86.Build.0 = Release|Any CPU
	EndGlobalSection
	GlobalSection(SolutionProperties) = preSolution
		HideSolutionNode = FALSE
	EndGlobalSection
EndGlobal
