
Microsoft Visual Studio Solution File, Format Version 12.00
# Visual Studio Version 18
VisualStudioVersion = 18.3.11408.92 d18.3
MinimumVisualStudioVersion = 10.0.40219.1
Project("{2150E333-8FDC-42A3-9474-1A3956D46DE8}") = "Source", "Source", "{A1B2C3D4-E5F6-7890-ABCD-EF1234567890}"
EndProject
Project("{2150E333-8FDC-42A3-9474-1A3956D46DE8}") = "Tests", "Tests", "{B2C3D4E5-F6A7-8901-BCDE-F12345678901}"
EndProject
Project("{2150E333-8FDC-42A3-9474-1A3956D46DE8}") = "Unit", "Unit", "{C3D4E5F6-A7B8-9012-CDEF-123456789012}"
EndProject
Project("{2150E333-8FDC-42A3-9474-1A3956D46DE8}") = "UI", "UI", "{D4E5F6A7-B8C9-0123-DEF0-234567890123}"
EndProject
Project("{FAE04EC0-301F-11D3-BF4B-00C04F79EFBC}") = "Brinell.Core", "Brinell.Core\Brinell.Core.csproj", "{3ECBDF35-C0C3-4FE2-B6DE-75A836E0F92E}"
EndProject
Project("{FAE04EC0-301F-11D3-BF4B-00C04F79EFBC}") = "Brinell.Wpf", "Brinell.Wpf\Brinell.Wpf.csproj", "{0D423B57-9ABA-4C35-8302-148B6D6C3543}"
EndProject
Project("{FAE04EC0-301F-11D3-BF4B-00C04F79EFBC}") = "Brinell.WinForms", "Brinell.WinForms\Brinell.WinForms.csproj", "{7FC82D47-B025-4DC7-BFDE-D6A97B0C6220}"
EndProject
Project("{FAE04EC0-301F-11D3-BF4B-00C04F79EFBC}") = "Brinell.Maui", "Brinell.Maui\Brinell.Maui.csproj", "{982FB910-B5A6-4998-BB27-9B3742F917CF}"
EndProject
Project("{FAE04EC0-301F-11D3-BF4B-00C04F79EFBC}") = "Brinell.Blazor", "Brinell.Blazor\Brinell.Blazor.csproj", "{318B8C9D-854A-4C22-BCA3-970D831BAEC4}"
EndProject
Project("{FAE04EC0-301F-11D3-BF4B-00C04F79EFBC}") = "Brinell.Html", "Brinell.Html\Brinell.Html.csproj", "{2D4A3EE9-34E7-40BF-9489-89F0A3EB1282}"
EndProject
Project("{FAE04EC0-301F-11D3-BF4B-00C04F79EFBC}") = "Brinell.Stride", "Brinell.Stride\Brinell.Stride.csproj", "{0971A5C0-521C-404E-9A90-F66C3D5AF9D1}"
EndProject
Project("{FAE04EC0-301F-11D3-BF4B-00C04F79EFBC}") = "Brinell.Automation", "Brinell.Automation\Brinell.Automation.csproj", "{871D3AB5-8549-4119-9B3B-27AE78110921}"
EndProject
Project("{FAE04EC0-301F-11D3-BF4B-00C04F79EFBC}") = "Brinell.Mocking", "Brinell.Mocking\Brinell.Mocking.csproj", "{D3433C4E-E1E9-458A-B0E8-9DB9E8801DDB}"
EndProject
Project("{FAE04EC0-301F-11D3-BF4B-00C04F79EFBC}") = "Brinell.Core.Tests", "..\testsnew\Brinell.Core.Tests\Brinell.Core.Tests.csproj", "{A1111111-1111-1111-1111-111111111111}"
EndProject
Project("{FAE04EC0-301F-11D3-BF4B-00C04F79EFBC}") = "Brinell.Wpf.Tests", "..\testsnew\Brinell.Wpf.Tests\Brinell.Wpf.Tests.csproj", "{A2222222-2222-2222-2222-222222222222}"
EndProject
Project("{FAE04EC0-301F-11D3-BF4B-00C04F79EFBC}") = "Brinell.WinForms.Tests", "..\testsnew\Brinell.WinForms.Tests\Brinell.WinForms.Tests.csproj", "{A3333333-3333-3333-3333-333333333333}"
EndProject
Project("{FAE04EC0-301F-11D3-BF4B-00C04F79EFBC}") = "Brinell.Maui.Tests", "..\testsnew\Brinell.Maui.Tests\Brinell.Maui.Tests.csproj", "{A4444444-4444-4444-4444-444444444444}"
EndProject
Project("{FAE04EC0-301F-11D3-BF4B-00C04F79EFBC}") = "Brinell.Blazor.Tests", "..\testsnew\Brinell.Blazor.Tests\Brinell.Blazor.Tests.csproj", "{A5555555-5555-5555-5555-555555555555}"
EndProject
Project("{FAE04EC0-301F-11D3-BF4B-00C04F79EFBC}") = "Brinell.Html.Tests", "..\testsnew\Brinell.Html.Tests\Brinell.Html.Tests.csproj", "{A6666666-6666-6666-6666-666666666666}"
EndProject
Project("{FAE04EC0-301F-11D3-BF4B-00C04F79EFBC}") = "Brinell.Stride.Tests", "..\testsnew\Brinell.Stride.Tests\Brinell.Stride.Tests.csproj", "{A7777777-7777-7777-7777-777777777777}"
EndProject
Project("{FAE04EC0-301F-11D3-BF4B-00C04F79EFBC}") = "Brinell.Automation.Tests", "..\testsnew\Brinell.Automation.Tests\Brinell.Automation.Tests.csproj", "{A8888888-8888-8888-8888-888888888888}"
EndProject
Project("{FAE04EC0-301F-11D3-BF4B-00C04F79EFBC}") = "Brinell.Mocking.Tests", "..\testsnew\Brinell.Mocking.Tests\Brinell.Mocking.Tests.csproj", "{A9999999-9999-9999-9999-999999999999}"
EndProject
Project("{FAE04EC0-301F-11D3-BF4B-00C04F79EFBC}") = "Brinell.Wpf.UITests", "..\testsnew\Brinell.Wpf.UITests\Brinell.Wpf.UITests.csproj", "{B1111111-1111-1111-1111-111111111111}"
EndProject
Project("{FAE04EC0-301F-11D3-BF4B-00C04F79EFBC}") = "Brinell.WinForms.UITests", "..\testsnew\Brinell.WinForms.UITests\Brinell.WinForms.UITests.csproj", "{B2222222-2222-2222-2222-222222222222}"
EndProject
Project("{FAE04EC0-301F-11D3-BF4B-00C04F79EFBC}") = "Brinell.Maui.UITests", "..\testsnew\Brinell.Maui.UITests\Brinell.Maui.UITests.csproj", "{B3333333-3333-3333-3333-333333333333}"
EndProject
Project("{FAE04EC0-301F-11D3-BF4B-00C04F79EFBC}") = "Brinell.Blazor.UITests", "..\testsnew\Brinell.Blazor.UITests\Brinell.Blazor.UITests.csproj", "{B4444444-4444-4444-4444-444444444444}"
EndProject
Project("{FAE04EC0-301F-11D3-BF4B-00C04F79EFBC}") = "Brinell.Html.UITests", "..\testsnew\Brinell.Html.UITests\Brinell.Html.UITests.csproj", "{B5555555-5555-5555-5555-555555555555}"
EndProject
Project("{FAE04EC0-301F-11D3-BF4B-00C04F79EFBC}") = "Brinell.Stride.UITests", "..\testsnew\Brinell.Stride.UITests\Brinell.Stride.UITests.csproj", "{B6666666-6666-6666-6666-666666666666}"
EndProject
Project("{2150E333-8FDC-42A3-9474-1A3956D46DE8}") = "Samples", "Samples", "{AE1AE6F5-A086-4412-AB22-F31EBC9456F4}"
EndProject
Project("{FAE04EC0-301F-11D3-BF4B-00C04F79EFBC}") = "Brinell.Samples.Shared", "..\samples\Brinell.Samples.Shared\Brinell.Samples.Shared.csproj", "{583E226B-1123-125E-549D-D97C44FC10CD}"
EndProject
Project("{FAE04EC0-301F-11D3-BF4B-00C04F79EFBC}") = "Brinell.Samples.Maui.App", "..\samples\Brinell.Samples.Maui.App\Brinell.Samples.Maui.App.csproj", "{34446FDA-AD5B-06EB-9BCB-C0AA76CA9BF7}"
EndProject
Global
	GlobalSection(SolutionConfigurationPlatforms) = preSolution
		Debug|Any CPU = Debug|Any CPU
		Release|Any CPU = Release|Any CPU
	EndGlobalSection
	GlobalSection(ProjectConfigurationPlatforms) = postSolution
		{3ECBDF35-C0C3-4FE2-B6DE-75A836E0F92E}.Debug|Any CPU.ActiveCfg = Debug|Any CPU
		{3ECBDF35-C0C3-4FE2-B6DE-75A836E0F92E}.Debug|Any CPU.Build.0 = Debug|Any CPU
		{3ECBDF35-C0C3-4FE2-B6DE-75A836E0F92E}.Release|Any CPU.ActiveCfg = Release|Any CPU
		{3ECBDF35-C0C3-4FE2-B6DE-75A836E0F92E}.Release|Any CPU.Build.0 = Release|Any CPU
		{0D423B57-9ABA-4C35-8302-148B6D6C3543}.Debug|Any CPU.ActiveCfg = Debug|Any CPU
		{0D423B57-9ABA-4C35-8302-148B6D6C3543}.Debug|Any CPU.Build.0 = Debug|Any CPU
		{0D423B57-9ABA-4C35-8302-148B6D6C3543}.Release|Any CPU.ActiveCfg = Release|Any CPU
		{0D423B57-9ABA-4C35-8302-148B6D6C3543}.Release|Any CPU.Build.0 = Release|Any CPU
		{7FC82D47-B025-4DC7-BFDE-D6A97B0C6220}.Debug|Any CPU.ActiveCfg = Debug|Any CPU
		{7FC82D47-B025-4DC7-BFDE-D6A97B0C6220}.Debug|Any CPU.Build.0 = Debug|Any CPU
		{7FC82D47-B025-4DC7-BFDE-D6A97B0C6220}.Release|Any CPU.ActiveCfg = Release|Any CPU
		{7FC82D47-B025-4DC7-BFDE-D6A97B0C6220}.Release|Any CPU.Build.0 = Release|Any CPU
		{982FB910-B5A6-4998-BB27-9B3742F917CF}.Debug|Any CPU.ActiveCfg = Debug|Any CPU
		{982FB910-B5A6-4998-BB27-9B3742F917CF}.Debug|Any CPU.Build.0 = Debug|Any CPU
		{982FB910-B5A6-4998-BB27-9B3742F917CF}.Release|Any CPU.ActiveCfg = Release|Any CPU
		{982FB910-B5A6-4998-BB27-9B3742F917CF}.Release|Any CPU.Build.0 = Release|Any CPU
		{318B8C9D-854A-4C22-BCA3-970D831BAEC4}.Debug|Any CPU.ActiveCfg = Debug|Any CPU
		{318B8C9D-854A-4C22-BCA3-970D831BAEC4}.Debug|Any CPU.Build.0 = Debug|Any CPU
		{318B8C9D-854A-4C22-BCA3-970D831BAEC4}.Release|Any CPU.ActiveCfg = Release|Any CPU
		{318B8C9D-854A-4C22-BCA3-970D831BAEC4}.Release|Any CPU.Build.0 = Release|Any CPU
		{2D4A3EE9-34E7-40BF-9489-89F0A3EB1282}.Debug|Any CPU.ActiveCfg = Debug|Any CPU
		{2D4A3EE9-34E7-40BF-9489-89F0A3EB1282}.Debug|Any CPU.Build.0 = Debug|Any CPU
		{2D4A3EE9-34E7-40BF-9489-89F0A3EB1282}.Release|Any CPU.ActiveCfg = Release|Any CPU
		{2D4A3EE9-34E7-40BF-9489-89F0A3EB1282}.Release|Any CPU.Build.0 = Release|Any CPU
		{0971A5C0-521C-404E-9A90-F66C3D5AF9D1}.Debug|Any CPU.ActiveCfg = Debug|Any CPU
		{0971A5C0-521C-404E-9A90-F66C3D5AF9D1}.Debug|Any CPU.Build.0 = Debug|Any CPU
		{0971A5C0-521C-404E-9A90-F66C3D5AF9D1}.Release|Any CPU.ActiveCfg = Release|Any CPU
		{0971A5C0-521C-404E-9A90-F66C3D5AF9D1}.Release|Any CPU.Build.0 = Release|Any CPU
		{871D3AB5-8549-4119-9B3B-27AE78110921}.Debug|Any CPU.ActiveCfg = Debug|Any CPU
		{871D3AB5-8549-4119-9B3B-27AE78110921}.Debug|Any CPU.Build.0 = Debug|Any CPU
		{871D3AB5-8549-4119-9B3B-27AE78110921}.Release|Any CPU.ActiveCfg = Release|Any CPU
		{871D3AB5-8549-4119-9B3B-27AE78110921}.Release|Any CPU.Build.0 = Release|Any CPU
		{D3433C4E-E1E9-458A-B0E8-9DB9E8801DDB}.Debug|Any CPU.ActiveCfg = Debug|Any CPU
		{D3433C4E-E1E9-458A-B0E8-9DB9E8801DDB}.Debug|Any CPU.Build.0 = Debug|Any CPU
		{D3433C4E-E1E9-458A-B0E8-9DB9E8801DDB}.Release|Any CPU.ActiveCfg = Release|Any CPU
		{D3433C4E-E1E9-458A-B0E8-9DB9E8801DDB}.Release|Any CPU.Build.0 = Release|Any CPU
		{A1111111-1111-1111-1111-111111111111}.Debug|Any CPU.ActiveCfg = Debug|Any CPU
		{A1111111-1111-1111-1111-111111111111}.Debug|Any CPU.Build.0 = Debug|Any CPU
		{A1111111-1111-1111-1111-111111111111}.Release|Any CPU.ActiveCfg = Release|Any CPU
		{A1111111-1111-1111-1111-111111111111}.Release|Any CPU.Build.0 = Release|Any CPU
		{A2222222-2222-2222-2222-222222222222}.Debug|Any CPU.ActiveCfg = Debug|Any CPU
		{A2222222-2222-2222-2222-222222222222}.Debug|Any CPU.Build.0 = Debug|Any CPU
		{A2222222-2222-2222-2222-222222222222}.Release|Any CPU.ActiveCfg = Release|Any CPU
		{A2222222-2222-2222-2222-222222222222}.Release|Any CPU.Build.0 = Release|Any CPU
		{A3333333-3333-3333-3333-333333333333}.Debug|Any CPU.ActiveCfg = Debug|Any CPU
		{A3333333-3333-3333-3333-333333333333}.Debug|Any CPU.Build.0 = Debug|Any CPU
		{A3333333-3333-3333-3333-333333333333}.Release|Any CPU.ActiveCfg = Release|Any CPU
		{A3333333-3333-3333-3333-333333333333}.Release|Any CPU.Build.0 = Release|Any CPU
		{A4444444-4444-4444-4444-444444444444}.Debug|Any CPU.ActiveCfg = Debug|Any CPU
		{A4444444-4444-4444-4444-444444444444}.Debug|Any CPU.Build.0 = Debug|Any CPU
		{A4444444-4444-4444-4444-444444444444}.Release|Any CPU.ActiveCfg = Release|Any CPU
		{A4444444-4444-4444-4444-444444444444}.Release|Any CPU.Build.0 = Release|Any CPU
		{A5555555-5555-5555-5555-555555555555}.Debug|Any CPU.ActiveCfg = Debug|Any CPU
		{A5555555-5555-5555-5555-555555555555}.Debug|Any CPU.Build.0 = Debug|Any CPU
		{A5555555-5555-5555-5555-555555555555}.Release|Any CPU.ActiveCfg = Release|Any CPU
		{A5555555-5555-5555-5555-555555555555}.Release|Any CPU.Build.0 = Release|Any CPU
		{A6666666-6666-6666-6666-666666666666}.Debug|Any CPU.ActiveCfg = Debug|Any CPU
		{A6666666-6666-6666-6666-666666666666}.Debug|Any CPU.Build.0 = Debug|Any CPU
		{A6666666-6666-6666-6666-666666666666}.Release|Any CPU.ActiveCfg = Release|Any CPU
		{A6666666-6666-6666-6666-666666666666}.Release|Any CPU.Build.0 = Release|Any CPU
		{A7777777-7777-7777-7777-777777777777}.Debug|Any CPU.ActiveCfg = Debug|Any CPU
		{A7777777-7777-7777-7777-777777777777}.Debug|Any CPU.Build.0 = Debug|Any CPU
		{A7777777-7777-7777-7777-777777777777}.Release|Any CPU.ActiveCfg = Release|Any CPU
		{A7777777-7777-7777-7777-777777777777}.Release|Any CPU.Build.0 = Release|Any CPU
		{A8888888-8888-8888-8888-888888888888}.Debug|Any CPU.ActiveCfg = Debug|Any CPU
		{A8888888-8888-8888-8888-888888888888}.Debug|Any CPU.Build.0 = Debug|Any CPU
		{A8888888-8888-8888-8888-888888888888}.Release|Any CPU.ActiveCfg = Release|Any CPU
		{A8888888-8888-8888-8888-888888888888}.Release|Any CPU.Build.0 = Release|Any CPU
		{A9999999-9999-9999-9999-999999999999}.Debug|Any CPU.ActiveCfg = Debug|Any CPU
		{A9999999-9999-9999-9999-999999999999}.Debug|Any CPU.Build.0 = Debug|Any CPU
		{A9999999-9999-9999-9999-999999999999}.Release|Any CPU.ActiveCfg = Release|Any CPU
		{A9999999-9999-9999-9999-999999999999}.Release|Any CPU.Build.0 = Release|Any CPU
		{B1111111-1111-1111-1111-111111111111}.Debug|Any CPU.ActiveCfg = Debug|Any CPU
		{B1111111-1111-1111-1111-111111111111}.Debug|Any CPU.Build.0 = Debug|Any CPU
		{B1111111-1111-1111-1111-111111111111}.Release|Any CPU.ActiveCfg = Release|Any CPU
		{B1111111-1111-1111-1111-111111111111}.Release|Any CPU.Build.0 = Release|Any CPU
		{B2222222-2222-2222-2222-222222222222}.Debug|Any CPU.ActiveCfg = Debug|Any CPU
		{B2222222-2222-2222-2222-222222222222}.Debug|Any CPU.Build.0 = Debug|Any CPU
		{B2222222-2222-2222-2222-222222222222}.Release|Any CPU.ActiveCfg = Release|Any CPU
		{B2222222-2222-2222-2222-222222222222}.Release|Any CPU.Build.0 = Release|Any CPU
		{B3333333-3333-3333-3333-333333333333}.Debug|Any CPU.ActiveCfg = Debug|Any CPU
		{B3333333-3333-3333-3333-333333333333}.Debug|Any CPU.Build.0 = Debug|Any CPU
		{B3333333-3333-3333-3333-333333333333}.Release|Any CPU.ActiveCfg = Release|Any CPU
		{B3333333-3333-3333-3333-333333333333}.Release|Any CPU.Build.0 = Release|Any CPU
		{B4444444-4444-4444-4444-444444444444}.Debug|Any CPU.ActiveCfg = Debug|Any CPU
		{B4444444-4444-4444-4444-444444444444}.Debug|Any CPU.Build.0 = Debug|Any CPU
		{B4444444-4444-4444-4444-444444444444}.Release|Any CPU.ActiveCfg = Release|Any CPU
		{B4444444-4444-4444-4444-444444444444}.Release|Any CPU.Build.0 = Release|Any CPU
		{B5555555-5555-5555-5555-555555555555}.Debug|Any CPU.ActiveCfg = Debug|Any CPU
		{B5555555-5555-5555-5555-555555555555}.Debug|Any CPU.Build.0 = Debug|Any CPU
		{B5555555-5555-5555-5555-555555555555}.Release|Any CPU.ActiveCfg = Release|Any CPU
		{B5555555-5555-5555-5555-555555555555}.Release|Any CPU.Build.0 = Release|Any CPU
		{B6666666-6666-6666-6666-666666666666}.Debug|Any CPU.ActiveCfg = Debug|Any CPU
		{B6666666-6666-6666-6666-666666666666}.Debug|Any CPU.Build.0 = Debug|Any CPU
		{B6666666-6666-6666-6666-666666666666}.Release|Any CPU.ActiveCfg = Release|Any CPU
		{B6666666-6666-6666-6666-666666666666}.Release|Any CPU.Build.0 = Release|Any CPU
		{583E226B-1123-125E-549D-D97C44FC10CD}.Debug|Any CPU.ActiveCfg = Debug|Any CPU
		{583E226B-1123-125E-549D-D97C44FC10CD}.Debug|Any CPU.Build.0 = Debug|Any CPU
		{583E226B-1123-125E-549D-D97C44FC10CD}.Release|Any CPU.ActiveCfg = Release|Any CPU
		{583E226B-1123-125E-549D-D97C44FC10CD}.Release|Any CPU.Build.0 = Release|Any CPU
		{34446FDA-AD5B-06EB-9BCB-C0AA76CA9BF7}.Debug|Any CPU.ActiveCfg = Debug|Any CPU
		{34446FDA-AD5B-06EB-9BCB-C0AA76CA9BF7}.Debug|Any CPU.Build.0 = Debug|Any CPU
		{34446FDA-AD5B-06EB-9BCB-C0AA76CA9BF7}.Release|Any CPU.ActiveCfg = Release|Any CPU
		{34446FDA-AD5B-06EB-9BCB-C0AA76CA9BF7}.Release|Any CPU.Build.0 = Release|Any CPU
	EndGlobalSection
	GlobalSection(SolutionProperties) = preSolution
		HideSolutionNode = FALSE
	EndGlobalSection
	GlobalSection(NestedProjects) = preSolution
		{C3D4E5F6-A7B8-9012-CDEF-123456789012} = {B2C3D4E5-F6A7-8901-BCDE-F12345678901}
		{D4E5F6A7-B8C9-0123-DEF0-234567890123} = {B2C3D4E5-F6A7-8901-BCDE-F12345678901}
		{3ECBDF35-C0C3-4FE2-B6DE-75A836E0F92E} = {A1B2C3D4-E5F6-7890-ABCD-EF1234567890}
		{0D423B57-9ABA-4C35-8302-148B6D6C3543} = {A1B2C3D4-E5F6-7890-ABCD-EF1234567890}
		{7FC82D47-B025-4DC7-BFDE-D6A97B0C6220} = {A1B2C3D4-E5F6-7890-ABCD-EF1234567890}
		{982FB910-B5A6-4998-BB27-9B3742F917CF} = {A1B2C3D4-E5F6-7890-ABCD-EF1234567890}
		{318B8C9D-854A-4C22-BCA3-970D831BAEC4} = {A1B2C3D4-E5F6-7890-ABCD-EF1234567890}
		{2D4A3EE9-34E7-40BF-9489-89F0A3EB1282} = {A1B2C3D4-E5F6-7890-ABCD-EF1234567890}
		{0971A5C0-521C-404E-9A90-F66C3D5AF9D1} = {A1B2C3D4-E5F6-7890-ABCD-EF1234567890}
		{871D3AB5-8549-4119-9B3B-27AE78110921} = {A1B2C3D4-E5F6-7890-ABCD-EF1234567890}
		{D3433C4E-E1E9-458A-B0E8-9DB9E8801DDB} = {A1B2C3D4-E5F6-7890-ABCD-EF1234567890}
		{A1111111-1111-1111-1111-111111111111} = {C3D4E5F6-A7B8-9012-CDEF-123456789012}
		{A2222222-2222-2222-2222-222222222222} = {C3D4E5F6-A7B8-9012-CDEF-123456789012}
		{A3333333-3333-3333-3333-333333333333} = {C3D4E5F6-A7B8-9012-CDEF-123456789012}
		{A4444444-4444-4444-4444-444444444444} = {C3D4E5F6-A7B8-9012-CDEF-123456789012}
		{A5555555-5555-5555-5555-555555555555} = {C3D4E5F6-A7B8-9012-CDEF-123456789012}
		{A6666666-6666-6666-6666-666666666666} = {C3D4E5F6-A7B8-9012-CDEF-123456789012}
		{A7777777-7777-7777-7777-777777777777} = {C3D4E5F6-A7B8-9012-CDEF-123456789012}
		{A8888888-8888-8888-8888-888888888888} = {C3D4E5F6-A7B8-9012-CDEF-123456789012}
		{A9999999-9999-9999-9999-999999999999} = {C3D4E5F6-A7B8-9012-CDEF-123456789012}
		{B1111111-1111-1111-1111-111111111111} = {D4E5F6A7-B8C9-0123-DEF0-234567890123}
		{B2222222-2222-2222-2222-222222222222} = {D4E5F6A7-B8C9-0123-DEF0-234567890123}
		{B3333333-3333-3333-3333-333333333333} = {D4E5F6A7-B8C9-0123-DEF0-234567890123}
		{B4444444-4444-4444-4444-444444444444} = {D4E5F6A7-B8C9-0123-DEF0-234567890123}
		{B5555555-5555-5555-5555-555555555555} = {D4E5F6A7-B8C9-0123-DEF0-234567890123}
		{B6666666-6666-6666-6666-666666666666} = {D4E5F6A7-B8C9-0123-DEF0-234567890123}
		{583E226B-1123-125E-549D-D97C44FC10CD} = {AE1AE6F5-A086-4412-AB22-F31EBC9456F4}
		{34446FDA-AD5B-06EB-9BCB-C0AA76CA9BF7} = {AE1AE6F5-A086-4412-AB22-F31EBC9456F4}
	EndGlobalSection
	GlobalSection(ExtensibilityGlobals) = postSolution
		SolutionGuid = {E06146FC-74EC-4DC4-B390-9684079D4812}
	EndGlobalSection
EndGlobal
